PODS:
  - AFNetworking (2.3.1):
    - AFNetworking/NSURLConnection
    - AFNetworking/NSURLSession
    - AFNetworking/Reachability
    - AFNetworking/Security
    - AFNetworking/Serialization
    - AFNetworking/UIKit
  - AFNetworking/NSURLConnection (2.3.1):
    - AFNetworking/Reachability
    - AFNetworking/Security
    - AFNetworking/Serialization
  - AFNetworking/NSURLSession (2.3.1):
    - AFNetworking/Reachability
    - AFNetworking/Security
    - AFNetworking/Serialization
  - AFNetworking/Reachability (2.3.1)
  - AFNetworking/Security (2.3.1)
  - AFNetworking/Serialization (2.3.1)
  - AFNetworking/UIKit (2.3.1):
    - AFNetworking/NSURLConnection
    - AFNetworking/NSURLSession
  - ASValueTrackingSlider (0.9.4)
  - Bolts (1.1.1)
  - BTBadgeView (1.2)
  - DateTools (1.3.0)
  - Facebook-iOS-SDK (3.15.1):
    - Bolts
  - MBProgressHUD (0.8)
  - Parse (1.2.19):
    - Facebook-iOS-SDK (~> 3.11)
  - PNChart (0.5):
    - UICountingLabel (~> 1.0.0)
  - UICountingLabel (1.0.0)

DEPENDENCIES:
  - AFNetworking
  - ASValueTrackingSlider
  - BTBadgeView
  - DateTools
  - Facebook-iOS-SDK
  - MBProgressHUD (~> 0.5)
  - Parse
  - PNChart (~> 0.5)

SPEC CHECKSUMS:
  AFNetworking: 6d7b76aa5d04c8c37daad3eef4b7e3f2a7620da3
  ASValueTrackingSlider: 74a4bbf70c8cf43d29b701ff4c7659fc5d0afd99
  Bolts: 0ca796081c3e7c139bd86d6903c27f1b83036a5d
  BTBadgeView: aa392d7b71c0248b0d766ffc0a1dc7103b72f3ec
  DateTools: aa3131160337433a152c0228a2a1be2ff4ed3e05
  Facebook-iOS-SDK: 56214af8e0ef16e751eb2804250326b709e571b8
  MBProgressHUD: c356980b0cd097f19acec959b49dca5eb8ec31be
  Parse: ffebaecaddd32cb52671010f81567c298ff93d04
  PNChart: 0d0cf4531de3aa7f2b12434a54845d70d9c9cfe3
  UICountingLabel: 0a0e9e34bf4690dbd127aaec552d19ed938087a9

COCOAPODS: 0.33.1
