// !$*UTF8*$!
{
	archiveVersion = 1;
	classes = {
	};
	objectVersion = 46;
	objects = {

/* Begin PBXBuildFile section */
		460447A31964ECC600DDE6C6 /* Foundation.framework in Frameworks */ = {isa = PBXBuildFile; fileRef = 460447A21964ECC600DDE6C6 /* Foundation.framework */; };
		460447A51964ECC600DDE6C6 /* CoreGraphics.framework in Frameworks */ = {isa = PBXBuildFile; fileRef = 460447A41964ECC600DDE6C6 /* CoreGraphics.framework */; };
		460447A71964ECC600DDE6C6 /* UIKit.framework in Frameworks */ = {isa = PBXBuildFile; fileRef = 460447A61964ECC600DDE6C6 /* UIKit.framework */; };
		460447AD1964ECC600DDE6C6 /* InfoPlist.strings in Resources */ = {isa = PBXBuildFile; fileRef = 460447AB1964ECC600DDE6C6 /* InfoPlist.strings */; };
		460447AF1964ECC600DDE6C6 /* main.m in Sources */ = {isa = PBXBuildFile; fileRef = 460447AE1964ECC600DDE6C6 /* main.m */; };
		460447B31964ECC600DDE6C6 /* AppDelegate.m in Sources */ = {isa = PBXBuildFile; fileRef = 460447B21964ECC600DDE6C6 /* AppDelegate.m */; };
		460447B51964ECC600DDE6C6 /* Images.xcassets in Resources */ = {isa = PBXBuildFile; fileRef = 460447B41964ECC600DDE6C6 /* Images.xcassets */; };
		460447BC1964ECC600DDE6C6 /* XCTest.framework in Frameworks */ = {isa = PBXBuildFile; fileRef = 460447BB1964ECC600DDE6C6 /* XCTest.framework */; };
		460447BD1964ECC600DDE6C6 /* Foundation.framework in Frameworks */ = {isa = PBXBuildFile; fileRef = 460447A21964ECC600DDE6C6 /* Foundation.framework */; };
		460447BE1964ECC600DDE6C6 /* UIKit.framework in Frameworks */ = {isa = PBXBuildFile; fileRef = 460447A61964ECC600DDE6C6 /* UIKit.framework */; };
		460447C61964ECC600DDE6C6 /* InfoPlist.strings in Resources */ = {isa = PBXBuildFile; fileRef = 460447C41964ECC600DDE6C6 /* InfoPlist.strings */; };
		460447C81964ECC600DDE6C6 /* quinoaTests.m in Sources */ = {isa = PBXBuildFile; fileRef = 460447C71964ECC600DDE6C6 /* quinoaTests.m */; };
		460992C51977C6B400F03200 /* ActivityLikeCell.m in Sources */ = {isa = PBXBuildFile; fileRef = 460992C31977C6B400F03200 /* ActivityLikeCell.m */; };
		460992C61977C6B400F03200 /* ActivityLikeCell.xib in Resources */ = {isa = PBXBuildFile; fileRef = 460992C41977C6B400F03200 /* ActivityLikeCell.xib */; };
		461E5AB7196A101E000D120F /* ChatCell.m in Sources */ = {isa = PBXBuildFile; fileRef = 461E5AB6196A101E000D120F /* ChatCell.m */; };
		461E5AB9196A1037000D120F /* ChatCell.xib in Resources */ = {isa = PBXBuildFile; fileRef = 461E5AB8196A1037000D120F /* ChatCell.xib */; };
		462769DB197636770049482F /* DashboardViewController.m in Sources */ = {isa = PBXBuildFile; fileRef = 462769D9197636770049482F /* DashboardViewController.m */; };
		462769DC197636770049482F /* DashboardViewController.xib in Resources */ = {isa = PBXBuildFile; fileRef = 462769DA197636770049482F /* DashboardViewController.xib */; };
		46437E141971E1D700A70338 /* TrackEatingViewController.m in Sources */ = {isa = PBXBuildFile; fileRef = 46437E121971E1D700A70338 /* TrackEatingViewController.m */; };
		46437E151971E1D700A70338 /* TrackEatingViewController.xib in Resources */ = {isa = PBXBuildFile; fileRef = 46437E131971E1D700A70338 /* TrackEatingViewController.xib */; };
		4653DB971969CEEE00E4114F /* Message.m in Sources */ = {isa = PBXBuildFile; fileRef = 4653DB961969CEEE00E4114F /* Message.m */; };
		465C1FF71969540F008BFD30 /* ChatViewController.m in Sources */ = {isa = PBXBuildFile; fileRef = 465C1FF51969540F008BFD30 /* ChatViewController.m */; };
		465C1FF81969540F008BFD30 /* ChatViewController.xib in Resources */ = {isa = PBXBuildFile; fileRef = 465C1FF61969540F008BFD30 /* ChatViewController.xib */; };
		465DFE43196947C800817222 /* ExpertDetailViewController.m in Sources */ = {isa = PBXBuildFile; fileRef = 465DFE41196947C800817222 /* ExpertDetailViewController.m */; };
		465DFE44196947C800817222 /* ExpertDetailViewController.xib in Resources */ = {isa = PBXBuildFile; fileRef = 465DFE42196947C800817222 /* ExpertDetailViewController.xib */; };
		466C3CE0196950C0007FF30D /* LoginViewController.m in Sources */ = {isa = PBXBuildFile; fileRef = 466C3CDE196950C0007FF30D /* LoginViewController.m */; };
		46907788197276FB00CF9DBC /* FanOutViewController.m in Sources */ = {isa = PBXBuildFile; fileRef = 46907786197276FB00CF9DBC /* FanOutViewController.m */; };
		46907789197276FB00CF9DBC /* FanOutViewController.xib in Resources */ = {isa = PBXBuildFile; fileRef = 46907787197276FB00CF9DBC /* FanOutViewController.xib */; };
		4695108219691C0E00315FDC /* ExpertCell.m in Sources */ = {isa = PBXBuildFile; fileRef = 4695108119691C0E00315FDC /* ExpertCell.m */; };
		4695108419691C5E00315FDC /* ExpertCell.xib in Resources */ = {isa = PBXBuildFile; fileRef = 4695108319691C5E00315FDC /* ExpertCell.xib */; };
		46AA118A19730C40001C7F02 /* MyClientsViewController.m in Sources */ = {isa = PBXBuildFile; fileRef = 46AA118819730C40001C7F02 /* MyClientsViewController.m */; };
		46AA118B19730C40001C7F02 /* MyClientsViewController.xib in Resources */ = {isa = PBXBuildFile; fileRef = 46AA118919730C40001C7F02 /* MyClientsViewController.xib */; };
		46BDC0B31974EEF90004387D /* TrackButton.m in Sources */ = {isa = PBXBuildFile; fileRef = 46BDC0B21974EEF90004387D /* TrackButton.m */; };
		46C25F57197A6B1F00B49CDC /* QuinoaTabBarViewController.m in Sources */ = {isa = PBXBuildFile; fileRef = 46C25F56197A6B1F00B49CDC /* QuinoaTabBarViewController.m */; };
		46CDF24119765DE900B43FBB /* DashboardFeedCell.m in Sources */ = {isa = PBXBuildFile; fileRef = 46CDF23F19765DE900B43FBB /* DashboardFeedCell.m */; };
		46CDF24219765DE900B43FBB /* DashboardFeedCell.xib in Resources */ = {isa = PBXBuildFile; fileRef = 46CDF24019765DE900B43FBB /* DashboardFeedCell.xib */; };
		46F73FAF1973159B00E33932 /* ClientCell.m in Sources */ = {isa = PBXBuildFile; fileRef = 46F73FAE1973159B00E33932 /* ClientCell.m */; };
		46F73FB1197316B900E33932 /* ClientCell.xib in Resources */ = {isa = PBXBuildFile; fileRef = 46F73FB0197316B900E33932 /* ClientCell.xib */; };
		46FBFAC41977B2700024BB10 /* ActivityLike.m in Sources */ = {isa = PBXBuildFile; fileRef = 46FBFAC31977B2700024BB10 /* ActivityLike.m */; };
		46FF800D1968A9C50091A7B2 /* ExpertBrowserViewController.m in Sources */ = {isa = PBXBuildFile; fileRef = 46FF800B1968A9C50091A7B2 /* ExpertBrowserViewController.m */; };
		46FF800E1968A9C50091A7B2 /* ExpertBrowserViewController.xib in Resources */ = {isa = PBXBuildFile; fileRef = 46FF800C1968A9C50091A7B2 /* ExpertBrowserViewController.xib */; };
		5329049F1974C16F005A2E26 /* UserHeader.xib in Resources */ = {isa = PBXBuildFile; fileRef = 5329049E1974C16F005A2E26 /* UserHeader.xib */; };
		532904AF1974FDCF005A2E26 /* PhysicalActivity.m in Sources */ = {isa = PBXBuildFile; fileRef = 532904AE1974FDCF005A2E26 /* PhysicalActivity.m */; };
		532904B11974FDF3005A2E26 /* PhysicalActivity.xib in Resources */ = {isa = PBXBuildFile; fileRef = 532904B01974FDF3005A2E26 /* PhysicalActivity.xib */; };
		532904B61974FFE5005A2E26 /* DietActivity.m in Sources */ = {isa = PBXBuildFile; fileRef = 532904B51974FFE5005A2E26 /* DietActivity.m */; };
		532904B81974FFF2005A2E26 /* DietActivity.xib in Resources */ = {isa = PBXBuildFile; fileRef = 532904B71974FFF2005A2E26 /* DietActivity.xib */; };
		532904BC197500FD005A2E26 /* WeightActivity.m in Sources */ = {isa = PBXBuildFile; fileRef = 532904BB197500FD005A2E26 /* WeightActivity.m */; };
		532904BE19750108005A2E26 /* WeightActivity.xib in Resources */ = {isa = PBXBuildFile; fileRef = 532904BD19750108005A2E26 /* WeightActivity.xib */; };
		532904C219750555005A2E26 /* UserHeader.m in Sources */ = {isa = PBXBuildFile; fileRef = 532904C119750555005A2E26 /* UserHeader.m */; };
		532904C41975062A005A2E26 /* ActivityCell.xib in Resources */ = {isa = PBXBuildFile; fileRef = 532904C31975062A005A2E26 /* ActivityCell.xib */; };
		532904D1197CFC5E005A2E26 /* QuinoaLoginViewController.m in Sources */ = {isa = PBXBuildFile; fileRef = 532904D0197CFC5E005A2E26 /* QuinoaLoginViewController.m */; };
		532904D4197CFD79005A2E26 /* QuinoaSignUpViewController.m in Sources */ = {isa = PBXBuildFile; fileRef = 532904D3197CFD79005A2E26 /* QuinoaSignUpViewController.m */; };
		532905181984E18C005A2E26 /* ClientRowCell.m in Sources */ = {isa = PBXBuildFile; fileRef = 532905171984E18C005A2E26 /* ClientRowCell.m */; };
		5329051A1984E1BD005A2E26 /* ClientRowCell.xib in Resources */ = {isa = PBXBuildFile; fileRef = 532905191984E1BD005A2E26 /* ClientRowCell.xib */; };
		5329052019860C81005A2E26 /* ProfileViewWithActivity.xib in Resources */ = {isa = PBXBuildFile; fileRef = 5329051F19860C81005A2E26 /* ProfileViewWithActivity.xib */; };
		5329052219861003005A2E26 /* ProfileViewWithActivity.m in Sources */ = {isa = PBXBuildFile; fileRef = 5329052119861003005A2E26 /* ProfileViewWithActivity.m */; };
		5348EC31196940D800E99C4A /* NSDate+dateWith.m in Sources */ = {isa = PBXBuildFile; fileRef = 5348EC30196940D800E99C4A /* NSDate+dateWith.m */; };
		5354D0751971D76700612FFE /* Activity.m in Sources */ = {isa = PBXBuildFile; fileRef = 5354D0741971D76700612FFE /* Activity.m */; };
		5354D07B1971DC6000612FFE /* ActivitiesCollectionViewController.xib in Resources */ = {isa = PBXBuildFile; fileRef = 5354D0791971DC6000612FFE /* ActivitiesCollectionViewController.xib */; };
		5354D07D1971EAAE00612FFE /* ActivitiesCollectionViewController.m in Sources */ = {isa = PBXBuildFile; fileRef = 5354D07C1971EAAE00612FFE /* ActivitiesCollectionViewController.m */; };
		5354D0811971EC8800612FFE /* ActivityCell.m in Sources */ = {isa = PBXBuildFile; fileRef = 5354D0801971EC8800612FFE /* ActivityCell.m */; };
		53B1EC5F1973068D00101B39 /* SourceSansPro-Light.otf in Resources */ = {isa = PBXBuildFile; fileRef = 53B1EC591973068D00101B39 /* SourceSansPro-Light.otf */; };
		53B1EC611973068D00101B39 /* SourceSansPro-Regular.otf in Resources */ = {isa = PBXBuildFile; fileRef = 53B1EC5B1973068D00101B39 /* SourceSansPro-Regular.otf */; };
		53B1EC631973068D00101B39 /* SourceSansPro-Semibold.otf in Resources */ = {isa = PBXBuildFile; fileRef = 53B1EC5D1973068D00101B39 /* SourceSansPro-Semibold.otf */; };
		53B1EC6919730C6800101B39 /* UILabel+QuinoaLabel.m in Sources */ = {isa = PBXBuildFile; fileRef = 53B1EC6819730C6800101B39 /* UILabel+QuinoaLabel.m */; };
		53B1EC6B19730E5400101B39 /* readme.txt in Resources */ = {isa = PBXBuildFile; fileRef = 53B1EC6A19730E5400101B39 /* readme.txt */; };
		53B1EC6F197344BF00101B39 /* ProfileView.m in Sources */ = {isa = PBXBuildFile; fileRef = 53B1EC6E197344BF00101B39 /* ProfileView.m */; };
		53B1EC711973450200101B39 /* ProfileView.xib in Resources */ = {isa = PBXBuildFile; fileRef = 53B1EC701973450200101B39 /* ProfileView.xib */; };
		53B1EC74197349BE00101B39 /* User.m in Sources */ = {isa = PBXBuildFile; fileRef = 53B1EC73197349BE00101B39 /* User.m */; };
		53B1EC781973683400101B39 /* ProfileCell.m in Sources */ = {isa = PBXBuildFile; fileRef = 53B1EC771973683400101B39 /* ProfileCell.m */; };
		53D0DA26198A1DC700CFAABA /* Goal.m in Sources */ = {isa = PBXBuildFile; fileRef = 53D0DA25198A1DC700CFAABA /* Goal.m */; };
		53D0DA2D198A20BD00CFAABA /* NewDashboardViewController.xib in Resources */ = {isa = PBXBuildFile; fileRef = 53D0DA2B198A20BD00CFAABA /* NewDashboardViewController.xib */; };
		53D0DA2F198A21C500CFAABA /* NewDashboardViewController.m in Sources */ = {isa = PBXBuildFile; fileRef = 53D0DA2E198A21C500CFAABA /* NewDashboardViewController.m */; };
		53D0DA3C198B4E0D00CFAABA /* GoalEditView.m in Sources */ = {isa = PBXBuildFile; fileRef = 53D0DA3A198B4E0D00CFAABA /* GoalEditView.m */; };
		53D0DA3D198B4E0D00CFAABA /* GoalEditView.xib in Resources */ = {isa = PBXBuildFile; fileRef = 53D0DA3B198B4E0D00CFAABA /* GoalEditView.xib */; };
		70D4923228BF4D3CBFDC6652 /* libPods-quinoa.a in Frameworks */ = {isa = PBXBuildFile; fileRef = 7DF42EDDF7534AF190FD067A /* libPods-quinoa.a */; };
		7A44F3C2198B5E4300408A69 /* ProfileViewSimple.m in Sources */ = {isa = PBXBuildFile; fileRef = 7A44F3C1198B5E4300408A69 /* ProfileViewSimple.m */; };
		7A44F3C4198B5E6A00408A69 /* ProfileViewSimple.xib in Resources */ = {isa = PBXBuildFile; fileRef = 7A44F3C3198B5E6A00408A69 /* ProfileViewSimple.xib */; };
		9FD33445196BA6DC003E1727 /* Profile.m in Sources */ = {isa = PBXBuildFile; fileRef = 9FD3343B196BA6DC003E1727 /* Profile.m */; };
		9FD33446196BA6DC003E1727 /* ProfileViewController.m in Sources */ = {isa = PBXBuildFile; fileRef = 9FD3343D196BA6DC003E1727 /* ProfileViewController.m */; };
		9FD33447196BA6DC003E1727 /* ProfileViewController.xib in Resources */ = {isa = PBXBuildFile; fileRef = 9FD3343E196BA6DC003E1727 /* ProfileViewController.xib */; };
		9FD33448196BA6DC003E1727 /* ArticleCell.m in Sources */ = {isa = PBXBuildFile; fileRef = 9FD33440196BA6DC003E1727 /* ArticleCell.m */; };
		9FD33449196BA6DC003E1727 /* ArticleCell.xib in Resources */ = {isa = PBXBuildFile; fileRef = 9FD33441196BA6DC003E1727 /* ArticleCell.xib */; };
		9FD3344A196BA6DC003E1727 /* ArticlesViewController.m in Sources */ = {isa = PBXBuildFile; fileRef = 9FD33443196BA6DC003E1727 /* ArticlesViewController.m */; };
		9FD3344B196BA6DC003E1727 /* ArticlesViewController.xib in Resources */ = {isa = PBXBuildFile; fileRef = 9FD33444196BA6DC003E1727 /* ArticlesViewController.xib */; };
		9FD3349319735B43003E1727 /* ActivityViewController.m in Sources */ = {isa = PBXBuildFile; fileRef = 9FD3349119735B43003E1727 /* ActivityViewController.m */; };
		9FD3349419735B43003E1727 /* ActivityViewController.xib in Resources */ = {isa = PBXBuildFile; fileRef = 9FD3349219735B43003E1727 /* ActivityViewController.xib */; };
		9FD3349719738292003E1727 /* UIImage+ImageEffects.m in Sources */ = {isa = PBXBuildFile; fileRef = 9FD3349619738292003E1727 /* UIImage+ImageEffects.m */; };
		A3B4A88B196A5FB400135230 /* Utils.m in Sources */ = {isa = PBXBuildFile; fileRef = A3B4A88A196A5FB400135230 /* Utils.m */; };
		A3B4A88D196A6EEB00135230 /* LoginViewController.xib in Resources */ = {isa = PBXBuildFile; fileRef = A3B4A88C196A6EEB00135230 /* LoginViewController.xib */; };
		A3B4A893196A7F7900135230 /* MoreViewController.m in Sources */ = {isa = PBXBuildFile; fileRef = A3B4A891196A7F7900135230 /* MoreViewController.m */; };
		A3B4A894196A7F7900135230 /* MoreViewController.xib in Resources */ = {isa = PBXBuildFile; fileRef = A3B4A892196A7F7900135230 /* MoreViewController.xib */; };
/* End PBXBuildFile section */

/* Begin PBXContainerItemProxy section */
		460447BF1964ECC600DDE6C6 /* PBXContainerItemProxy */ = {
			isa = PBXContainerItemProxy;
			containerPortal = 460447971964ECC600DDE6C6 /* Project object */;
			proxyType = 1;
			remoteGlobalIDString = 4604479E1964ECC600DDE6C6;
			remoteInfo = quinoa;
		};
/* End PBXContainerItemProxy section */

/* Begin PBXFileReference section */
		4604479F1964ECC600DDE6C6 /* quinoa.app */ = {isa = PBXFileReference; explicitFileType = wrapper.application; includeInIndex = 0; path = quinoa.app; sourceTree = BUILT_PRODUCTS_DIR; };
		460447A21964ECC600DDE6C6 /* Foundation.framework */ = {isa = PBXFileReference; lastKnownFileType = wrapper.framework; name = Foundation.framework; path = System/Library/Frameworks/Foundation.framework; sourceTree = SDKROOT; };
		460447A41964ECC600DDE6C6 /* CoreGraphics.framework */ = {isa = PBXFileReference; lastKnownFileType = wrapper.framework; name = CoreGraphics.framework; path = System/Library/Frameworks/CoreGraphics.framework; sourceTree = SDKROOT; };
		460447A61964ECC600DDE6C6 /* UIKit.framework */ = {isa = PBXFileReference; lastKnownFileType = wrapper.framework; name = UIKit.framework; path = System/Library/Frameworks/UIKit.framework; sourceTree = SDKROOT; };
		460447AA1964ECC600DDE6C6 /* quinoa-Info.plist */ = {isa = PBXFileReference; lastKnownFileType = text.plist.xml; path = "quinoa-Info.plist"; sourceTree = "<group>"; };
		460447AC1964ECC600DDE6C6 /* en */ = {isa = PBXFileReference; lastKnownFileType = text.plist.strings; name = en; path = en.lproj/InfoPlist.strings; sourceTree = "<group>"; };
		460447AE1964ECC600DDE6C6 /* main.m */ = {isa = PBXFileReference; lastKnownFileType = sourcecode.c.objc; path = main.m; sourceTree = "<group>"; };
		460447B01964ECC600DDE6C6 /* quinoa-Prefix.pch */ = {isa = PBXFileReference; lastKnownFileType = sourcecode.c.h; path = "quinoa-Prefix.pch"; sourceTree = "<group>"; };
		460447B11964ECC600DDE6C6 /* AppDelegate.h */ = {isa = PBXFileReference; lastKnownFileType = sourcecode.c.h; path = AppDelegate.h; sourceTree = "<group>"; };
		460447B21964ECC600DDE6C6 /* AppDelegate.m */ = {isa = PBXFileReference; lastKnownFileType = sourcecode.c.objc; path = AppDelegate.m; sourceTree = "<group>"; };
		460447B41964ECC600DDE6C6 /* Images.xcassets */ = {isa = PBXFileReference; lastKnownFileType = folder.assetcatalog; path = Images.xcassets; sourceTree = "<group>"; };
		460447BA1964ECC600DDE6C6 /* quinoaTests.xctest */ = {isa = PBXFileReference; explicitFileType = wrapper.cfbundle; includeInIndex = 0; path = quinoaTests.xctest; sourceTree = BUILT_PRODUCTS_DIR; };
		460447BB1964ECC600DDE6C6 /* XCTest.framework */ = {isa = PBXFileReference; lastKnownFileType = wrapper.framework; name = XCTest.framework; path = Library/Frameworks/XCTest.framework; sourceTree = DEVELOPER_DIR; };
		460447C31964ECC600DDE6C6 /* quinoaTests-Info.plist */ = {isa = PBXFileReference; lastKnownFileType = text.plist.xml; path = "quinoaTests-Info.plist"; sourceTree = "<group>"; };
		460447C51964ECC600DDE6C6 /* en */ = {isa = PBXFileReference; lastKnownFileType = text.plist.strings; name = en; path = en.lproj/InfoPlist.strings; sourceTree = "<group>"; };
		460447C71964ECC600DDE6C6 /* quinoaTests.m */ = {isa = PBXFileReference; lastKnownFileType = sourcecode.c.objc; path = quinoaTests.m; sourceTree = "<group>"; };
		460992C21977C6B400F03200 /* ActivityLikeCell.h */ = {isa = PBXFileReference; fileEncoding = 4; lastKnownFileType = sourcecode.c.h; path = ActivityLikeCell.h; sourceTree = "<group>"; };
		460992C31977C6B400F03200 /* ActivityLikeCell.m */ = {isa = PBXFileReference; fileEncoding = 4; lastKnownFileType = sourcecode.c.objc; path = ActivityLikeCell.m; sourceTree = "<group>"; };
		460992C41977C6B400F03200 /* ActivityLikeCell.xib */ = {isa = PBXFileReference; fileEncoding = 4; lastKnownFileType = file.xib; path = ActivityLikeCell.xib; sourceTree = "<group>"; };
		460F69DD197B2EED00E99C9D /* Reveal.framework */ = {isa = PBXFileReference; lastKnownFileType = wrapper.framework; path = Reveal.framework; sourceTree = "<group>"; };
		461E5AB5196A101E000D120F /* ChatCell.h */ = {isa = PBXFileReference; fileEncoding = 4; lastKnownFileType = sourcecode.c.h; path = ChatCell.h; sourceTree = "<group>"; };
		461E5AB6196A101E000D120F /* ChatCell.m */ = {isa = PBXFileReference; fileEncoding = 4; lastKnownFileType = sourcecode.c.objc; path = ChatCell.m; sourceTree = "<group>"; };
		461E5AB8196A1037000D120F /* ChatCell.xib */ = {isa = PBXFileReference; fileEncoding = 4; lastKnownFileType = file.xib; path = ChatCell.xib; sourceTree = "<group>"; };
		462769D8197636770049482F /* DashboardViewController.h */ = {isa = PBXFileReference; fileEncoding = 4; lastKnownFileType = sourcecode.c.h; path = DashboardViewController.h; sourceTree = "<group>"; };
		462769D9197636770049482F /* DashboardViewController.m */ = {isa = PBXFileReference; fileEncoding = 4; lastKnownFileType = sourcecode.c.objc; path = DashboardViewController.m; sourceTree = "<group>"; };
		462769DA197636770049482F /* DashboardViewController.xib */ = {isa = PBXFileReference; fileEncoding = 4; lastKnownFileType = file.xib; path = DashboardViewController.xib; sourceTree = "<group>"; };
		46437E111971E1D700A70338 /* TrackEatingViewController.h */ = {isa = PBXFileReference; fileEncoding = 4; lastKnownFileType = sourcecode.c.h; path = TrackEatingViewController.h; sourceTree = "<group>"; };
		46437E121971E1D700A70338 /* TrackEatingViewController.m */ = {isa = PBXFileReference; fileEncoding = 4; lastKnownFileType = sourcecode.c.objc; path = TrackEatingViewController.m; sourceTree = "<group>"; };
		46437E131971E1D700A70338 /* TrackEatingViewController.xib */ = {isa = PBXFileReference; fileEncoding = 4; lastKnownFileType = file.xib; path = TrackEatingViewController.xib; sourceTree = "<group>"; };
		4653DB951969CEEE00E4114F /* Message.h */ = {isa = PBXFileReference; fileEncoding = 4; lastKnownFileType = sourcecode.c.h; path = Message.h; sourceTree = "<group>"; };
		4653DB961969CEEE00E4114F /* Message.m */ = {isa = PBXFileReference; fileEncoding = 4; lastKnownFileType = sourcecode.c.objc; path = Message.m; sourceTree = "<group>"; };
		465C1FF41969540F008BFD30 /* ChatViewController.h */ = {isa = PBXFileReference; fileEncoding = 4; lastKnownFileType = sourcecode.c.h; path = ChatViewController.h; sourceTree = "<group>"; };
		465C1FF51969540F008BFD30 /* ChatViewController.m */ = {isa = PBXFileReference; fileEncoding = 4; lastKnownFileType = sourcecode.c.objc; path = ChatViewController.m; sourceTree = "<group>"; };
		465C1FF61969540F008BFD30 /* ChatViewController.xib */ = {isa = PBXFileReference; fileEncoding = 4; lastKnownFileType = file.xib; path = ChatViewController.xib; sourceTree = "<group>"; };
		465DFE40196947C800817222 /* ExpertDetailViewController.h */ = {isa = PBXFileReference; fileEncoding = 4; lastKnownFileType = sourcecode.c.h; path = ExpertDetailViewController.h; sourceTree = "<group>"; };
		465DFE41196947C800817222 /* ExpertDetailViewController.m */ = {isa = PBXFileReference; fileEncoding = 4; lastKnownFileType = sourcecode.c.objc; path = ExpertDetailViewController.m; sourceTree = "<group>"; };
		465DFE42196947C800817222 /* ExpertDetailViewController.xib */ = {isa = PBXFileReference; fileEncoding = 4; lastKnownFileType = file.xib; path = ExpertDetailViewController.xib; sourceTree = "<group>"; };
		466C3CDD196950C0007FF30D /* LoginViewController.h */ = {isa = PBXFileReference; fileEncoding = 4; lastKnownFileType = sourcecode.c.h; path = LoginViewController.h; sourceTree = "<group>"; };
		466C3CDE196950C0007FF30D /* LoginViewController.m */ = {isa = PBXFileReference; fileEncoding = 4; lastKnownFileType = sourcecode.c.objc; path = LoginViewController.m; sourceTree = "<group>"; };
		46907785197276FB00CF9DBC /* FanOutViewController.h */ = {isa = PBXFileReference; fileEncoding = 4; lastKnownFileType = sourcecode.c.h; path = FanOutViewController.h; sourceTree = "<group>"; };
		46907786197276FB00CF9DBC /* FanOutViewController.m */ = {isa = PBXFileReference; fileEncoding = 4; lastKnownFileType = sourcecode.c.objc; path = FanOutViewController.m; sourceTree = "<group>"; };
		46907787197276FB00CF9DBC /* FanOutViewController.xib */ = {isa = PBXFileReference; fileEncoding = 4; lastKnownFileType = file.xib; path = FanOutViewController.xib; sourceTree = "<group>"; };
		4695108019691C0E00315FDC /* ExpertCell.h */ = {isa = PBXFileReference; fileEncoding = 4; lastKnownFileType = sourcecode.c.h; path = ExpertCell.h; sourceTree = "<group>"; };
		4695108119691C0E00315FDC /* ExpertCell.m */ = {isa = PBXFileReference; fileEncoding = 4; lastKnownFileType = sourcecode.c.objc; path = ExpertCell.m; sourceTree = "<group>"; };
		4695108319691C5E00315FDC /* ExpertCell.xib */ = {isa = PBXFileReference; fileEncoding = 4; lastKnownFileType = file.xib; path = ExpertCell.xib; sourceTree = "<group>"; };
		46AA118719730C40001C7F02 /* MyClientsViewController.h */ = {isa = PBXFileReference; fileEncoding = 4; lastKnownFileType = sourcecode.c.h; path = MyClientsViewController.h; sourceTree = "<group>"; };
		46AA118819730C40001C7F02 /* MyClientsViewController.m */ = {isa = PBXFileReference; fileEncoding = 4; lastKnownFileType = sourcecode.c.objc; path = MyClientsViewController.m; sourceTree = "<group>"; };
		46AA118919730C40001C7F02 /* MyClientsViewController.xib */ = {isa = PBXFileReference; fileEncoding = 4; lastKnownFileType = file.xib; path = MyClientsViewController.xib; sourceTree = "<group>"; };
		46BDC0B11974EEF90004387D /* TrackButton.h */ = {isa = PBXFileReference; fileEncoding = 4; lastKnownFileType = sourcecode.c.h; path = TrackButton.h; sourceTree = "<group>"; };
		46BDC0B21974EEF90004387D /* TrackButton.m */ = {isa = PBXFileReference; fileEncoding = 4; lastKnownFileType = sourcecode.c.objc; path = TrackButton.m; sourceTree = "<group>"; };
		46C25F55197A6B1F00B49CDC /* QuinoaTabBarViewController.h */ = {isa = PBXFileReference; fileEncoding = 4; lastKnownFileType = sourcecode.c.h; path = QuinoaTabBarViewController.h; sourceTree = "<group>"; };
		46C25F56197A6B1F00B49CDC /* QuinoaTabBarViewController.m */ = {isa = PBXFileReference; fileEncoding = 4; lastKnownFileType = sourcecode.c.objc; path = QuinoaTabBarViewController.m; sourceTree = "<group>"; };
		46CDF23E19765DE900B43FBB /* DashboardFeedCell.h */ = {isa = PBXFileReference; fileEncoding = 4; lastKnownFileType = sourcecode.c.h; path = DashboardFeedCell.h; sourceTree = "<group>"; };
		46CDF23F19765DE900B43FBB /* DashboardFeedCell.m */ = {isa = PBXFileReference; fileEncoding = 4; lastKnownFileType = sourcecode.c.objc; path = DashboardFeedCell.m; sourceTree = "<group>"; };
		46CDF24019765DE900B43FBB /* DashboardFeedCell.xib */ = {isa = PBXFileReference; fileEncoding = 4; lastKnownFileType = file.xib; path = DashboardFeedCell.xib; sourceTree = "<group>"; };
		46F73FAD1973159B00E33932 /* ClientCell.h */ = {isa = PBXFileReference; fileEncoding = 4; lastKnownFileType = sourcecode.c.h; path = ClientCell.h; sourceTree = "<group>"; };
		46F73FAE1973159B00E33932 /* ClientCell.m */ = {isa = PBXFileReference; fileEncoding = 4; lastKnownFileType = sourcecode.c.objc; path = ClientCell.m; sourceTree = "<group>"; };
		46F73FB0197316B900E33932 /* ClientCell.xib */ = {isa = PBXFileReference; fileEncoding = 4; lastKnownFileType = file.xib; path = ClientCell.xib; sourceTree = "<group>"; };
		46FBFAC21977B2700024BB10 /* ActivityLike.h */ = {isa = PBXFileReference; fileEncoding = 4; lastKnownFileType = sourcecode.c.h; path = ActivityLike.h; sourceTree = "<group>"; };
		46FBFAC31977B2700024BB10 /* ActivityLike.m */ = {isa = PBXFileReference; fileEncoding = 4; lastKnownFileType = sourcecode.c.objc; path = ActivityLike.m; sourceTree = "<group>"; };
		46FF800A1968A9C50091A7B2 /* ExpertBrowserViewController.h */ = {isa = PBXFileReference; fileEncoding = 4; lastKnownFileType = sourcecode.c.h; path = ExpertBrowserViewController.h; sourceTree = "<group>"; };
		46FF800B1968A9C50091A7B2 /* ExpertBrowserViewController.m */ = {isa = PBXFileReference; fileEncoding = 4; lastKnownFileType = sourcecode.c.objc; path = ExpertBrowserViewController.m; sourceTree = "<group>"; };
		46FF800C1968A9C50091A7B2 /* ExpertBrowserViewController.xib */ = {isa = PBXFileReference; fileEncoding = 4; lastKnownFileType = file.xib; path = ExpertBrowserViewController.xib; sourceTree = "<group>"; };
		5329049E1974C16F005A2E26 /* UserHeader.xib */ = {isa = PBXFileReference; fileEncoding = 4; lastKnownFileType = file.xib; path = UserHeader.xib; sourceTree = "<group>"; };
		532904AD1974FDCF005A2E26 /* PhysicalActivity.h */ = {isa = PBXFileReference; fileEncoding = 4; lastKnownFileType = sourcecode.c.h; path = PhysicalActivity.h; sourceTree = "<group>"; };
		532904AE1974FDCF005A2E26 /* PhysicalActivity.m */ = {isa = PBXFileReference; fileEncoding = 4; lastKnownFileType = sourcecode.c.objc; path = PhysicalActivity.m; sourceTree = "<group>"; };
		532904B01974FDF3005A2E26 /* PhysicalActivity.xib */ = {isa = PBXFileReference; fileEncoding = 4; lastKnownFileType = file.xib; path = PhysicalActivity.xib; sourceTree = "<group>"; };
		532904B41974FFE5005A2E26 /* DietActivity.h */ = {isa = PBXFileReference; fileEncoding = 4; lastKnownFileType = sourcecode.c.h; path = DietActivity.h; sourceTree = "<group>"; };
		532904B51974FFE5005A2E26 /* DietActivity.m */ = {isa = PBXFileReference; fileEncoding = 4; lastKnownFileType = sourcecode.c.objc; path = DietActivity.m; sourceTree = "<group>"; };
		532904B71974FFF2005A2E26 /* DietActivity.xib */ = {isa = PBXFileReference; fileEncoding = 4; lastKnownFileType = file.xib; path = DietActivity.xib; sourceTree = "<group>"; };
		532904BA197500FD005A2E26 /* WeightActivity.h */ = {isa = PBXFileReference; fileEncoding = 4; lastKnownFileType = sourcecode.c.h; path = WeightActivity.h; sourceTree = "<group>"; };
		532904BB197500FD005A2E26 /* WeightActivity.m */ = {isa = PBXFileReference; fileEncoding = 4; lastKnownFileType = sourcecode.c.objc; path = WeightActivity.m; sourceTree = "<group>"; };
		532904BD19750108005A2E26 /* WeightActivity.xib */ = {isa = PBXFileReference; fileEncoding = 4; lastKnownFileType = file.xib; path = WeightActivity.xib; sourceTree = "<group>"; };
		532904C019750555005A2E26 /* UserHeader.h */ = {isa = PBXFileReference; fileEncoding = 4; lastKnownFileType = sourcecode.c.h; path = UserHeader.h; sourceTree = "<group>"; };
		532904C119750555005A2E26 /* UserHeader.m */ = {isa = PBXFileReference; fileEncoding = 4; lastKnownFileType = sourcecode.c.objc; path = UserHeader.m; sourceTree = "<group>"; };
		532904C31975062A005A2E26 /* ActivityCell.xib */ = {isa = PBXFileReference; fileEncoding = 4; lastKnownFileType = file.xib; path = ActivityCell.xib; sourceTree = "<group>"; };
		532904CC197A7036005A2E26 /* Reveal.framework */ = {isa = PBXFileReference; lastKnownFileType = wrapper.framework; path = Reveal.framework; sourceTree = "<group>"; };
		532904CF197CFC5E005A2E26 /* QuinoaLoginViewController.h */ = {isa = PBXFileReference; fileEncoding = 4; lastKnownFileType = sourcecode.c.h; path = QuinoaLoginViewController.h; sourceTree = "<group>"; };
		532904D0197CFC5E005A2E26 /* QuinoaLoginViewController.m */ = {isa = PBXFileReference; fileEncoding = 4; lastKnownFileType = sourcecode.c.objc; path = QuinoaLoginViewController.m; sourceTree = "<group>"; };
		532904D2197CFD79005A2E26 /* QuinoaSignUpViewController.h */ = {isa = PBXFileReference; fileEncoding = 4; lastKnownFileType = sourcecode.c.h; path = QuinoaSignUpViewController.h; sourceTree = "<group>"; };
		532904D3197CFD79005A2E26 /* QuinoaSignUpViewController.m */ = {isa = PBXFileReference; fileEncoding = 4; lastKnownFileType = sourcecode.c.objc; path = QuinoaSignUpViewController.m; sourceTree = "<group>"; };
		532905161984E18C005A2E26 /* ClientRowCell.h */ = {isa = PBXFileReference; fileEncoding = 4; lastKnownFileType = sourcecode.c.h; path = ClientRowCell.h; sourceTree = "<group>"; };
		532905171984E18C005A2E26 /* ClientRowCell.m */ = {isa = PBXFileReference; fileEncoding = 4; lastKnownFileType = sourcecode.c.objc; path = ClientRowCell.m; sourceTree = "<group>"; };
		532905191984E1BD005A2E26 /* ClientRowCell.xib */ = {isa = PBXFileReference; fileEncoding = 4; lastKnownFileType = file.xib; path = ClientRowCell.xib; sourceTree = "<group>"; };
		5329051C19860C69005A2E26 /* ProfileViewWithActivity.h */ = {isa = PBXFileReference; fileEncoding = 4; lastKnownFileType = sourcecode.c.h; path = ProfileViewWithActivity.h; sourceTree = "<group>"; };
		5329051F19860C81005A2E26 /* ProfileViewWithActivity.xib */ = {isa = PBXFileReference; fileEncoding = 4; lastKnownFileType = file.xib; path = ProfileViewWithActivity.xib; sourceTree = "<group>"; };
		5329052119861003005A2E26 /* ProfileViewWithActivity.m */ = {isa = PBXFileReference; fileEncoding = 4; lastKnownFileType = sourcecode.c.objc; path = ProfileViewWithActivity.m; sourceTree = "<group>"; };
		5348EC2F196940D800E99C4A /* NSDate+dateWith.h */ = {isa = PBXFileReference; fileEncoding = 4; lastKnownFileType = sourcecode.c.h; path = "NSDate+dateWith.h"; sourceTree = "<group>"; };
		5348EC30196940D800E99C4A /* NSDate+dateWith.m */ = {isa = PBXFileReference; fileEncoding = 4; lastKnownFileType = sourcecode.c.objc; path = "NSDate+dateWith.m"; sourceTree = "<group>"; };
		5354D0731971D76700612FFE /* Activity.h */ = {isa = PBXFileReference; fileEncoding = 4; lastKnownFileType = sourcecode.c.h; path = Activity.h; sourceTree = "<group>"; };
		5354D0741971D76700612FFE /* Activity.m */ = {isa = PBXFileReference; fileEncoding = 4; lastKnownFileType = sourcecode.c.objc; path = Activity.m; sourceTree = "<group>"; };
		5354D0771971DC6000612FFE /* ActivitiesCollectionViewController.h */ = {isa = PBXFileReference; fileEncoding = 4; lastKnownFileType = sourcecode.c.h; path = ActivitiesCollectionViewController.h; sourceTree = "<group>"; };
		5354D0791971DC6000612FFE /* ActivitiesCollectionViewController.xib */ = {isa = PBXFileReference; fileEncoding = 4; lastKnownFileType = file.xib; path = ActivitiesCollectionViewController.xib; sourceTree = "<group>"; };
		5354D07C1971EAAE00612FFE /* ActivitiesCollectionViewController.m */ = {isa = PBXFileReference; fileEncoding = 4; lastKnownFileType = sourcecode.c.objc; path = ActivitiesCollectionViewController.m; sourceTree = "<group>"; };
		5354D07F1971EC8800612FFE /* ActivityCell.h */ = {isa = PBXFileReference; fileEncoding = 4; lastKnownFileType = sourcecode.c.h; path = ActivityCell.h; sourceTree = "<group>"; };
		5354D0801971EC8800612FFE /* ActivityCell.m */ = {isa = PBXFileReference; fileEncoding = 4; lastKnownFileType = sourcecode.c.objc; path = ActivityCell.m; sourceTree = "<group>"; };
		53B1EC591973068D00101B39 /* SourceSansPro-Light.otf */ = {isa = PBXFileReference; lastKnownFileType = file; path = "SourceSansPro-Light.otf"; sourceTree = "<group>"; };
		53B1EC5B1973068D00101B39 /* SourceSansPro-Regular.otf */ = {isa = PBXFileReference; lastKnownFileType = file; path = "SourceSansPro-Regular.otf"; sourceTree = "<group>"; };
		53B1EC5D1973068D00101B39 /* SourceSansPro-Semibold.otf */ = {isa = PBXFileReference; lastKnownFileType = file; path = "SourceSansPro-Semibold.otf"; sourceTree = "<group>"; };
		53B1EC6719730C6800101B39 /* UILabel+QuinoaLabel.h */ = {isa = PBXFileReference; fileEncoding = 4; lastKnownFileType = sourcecode.c.h; path = "UILabel+QuinoaLabel.h"; sourceTree = "<group>"; };
		53B1EC6819730C6800101B39 /* UILabel+QuinoaLabel.m */ = {isa = PBXFileReference; fileEncoding = 4; lastKnownFileType = sourcecode.c.objc; path = "UILabel+QuinoaLabel.m"; sourceTree = "<group>"; };
		53B1EC6A19730E5400101B39 /* readme.txt */ = {isa = PBXFileReference; fileEncoding = 4; lastKnownFileType = text; path = readme.txt; sourceTree = "<group>"; };
		53B1EC6D197344BF00101B39 /* ProfileView.h */ = {isa = PBXFileReference; fileEncoding = 4; lastKnownFileType = sourcecode.c.h; path = ProfileView.h; sourceTree = "<group>"; };
		53B1EC6E197344BF00101B39 /* ProfileView.m */ = {isa = PBXFileReference; fileEncoding = 4; lastKnownFileType = sourcecode.c.objc; path = ProfileView.m; sourceTree = "<group>"; };
		53B1EC701973450200101B39 /* ProfileView.xib */ = {isa = PBXFileReference; fileEncoding = 4; lastKnownFileType = file.xib; path = ProfileView.xib; sourceTree = "<group>"; };
		53B1EC72197349BE00101B39 /* User.h */ = {isa = PBXFileReference; fileEncoding = 4; lastKnownFileType = sourcecode.c.h; path = User.h; sourceTree = "<group>"; };
		53B1EC73197349BE00101B39 /* User.m */ = {isa = PBXFileReference; fileEncoding = 4; lastKnownFileType = sourcecode.c.objc; path = User.m; sourceTree = "<group>"; };
		53B1EC761973683400101B39 /* ProfileCell.h */ = {isa = PBXFileReference; fileEncoding = 4; lastKnownFileType = sourcecode.c.h; path = ProfileCell.h; sourceTree = "<group>"; };
		53B1EC771973683400101B39 /* ProfileCell.m */ = {isa = PBXFileReference; fileEncoding = 4; lastKnownFileType = sourcecode.c.objc; path = ProfileCell.m; sourceTree = "<group>"; };
		53D0DA24198A1DC700CFAABA /* Goal.h */ = {isa = PBXFileReference; fileEncoding = 4; lastKnownFileType = sourcecode.c.h; path = Goal.h; sourceTree = "<group>"; };
		53D0DA25198A1DC700CFAABA /* Goal.m */ = {isa = PBXFileReference; fileEncoding = 4; lastKnownFileType = sourcecode.c.objc; path = Goal.m; sourceTree = "<group>"; };
		53D0DA29198A20BD00CFAABA /* NewDashboardViewController.h */ = {isa = PBXFileReference; fileEncoding = 4; lastKnownFileType = sourcecode.c.h; path = NewDashboardViewController.h; sourceTree = "<group>"; };
		53D0DA2B198A20BD00CFAABA /* NewDashboardViewController.xib */ = {isa = PBXFileReference; fileEncoding = 4; lastKnownFileType = file.xib; path = NewDashboardViewController.xib; sourceTree = "<group>"; };
		53D0DA2E198A21C500CFAABA /* NewDashboardViewController.m */ = {isa = PBXFileReference; fileEncoding = 4; lastKnownFileType = sourcecode.c.objc; path = NewDashboardViewController.m; sourceTree = "<group>"; };
		7A44F3C0198B5E4300408A69 /* ProfileViewSimple.h */ = {isa = PBXFileReference; fileEncoding = 4; lastKnownFileType = sourcecode.c.h; path = ProfileViewSimple.h; sourceTree = "<group>"; };
		7A44F3C1198B5E4300408A69 /* ProfileViewSimple.m */ = {isa = PBXFileReference; fileEncoding = 4; lastKnownFileType = sourcecode.c.objc; path = ProfileViewSimple.m; sourceTree = "<group>"; };
		7A44F3C3198B5E6A00408A69 /* ProfileViewSimple.xib */ = {isa = PBXFileReference; fileEncoding = 4; lastKnownFileType = file.xib; path = ProfileViewSimple.xib; sourceTree = "<group>"; };
		53D0DA39198B4E0D00CFAABA /* GoalEditView.h */ = {isa = PBXFileReference; fileEncoding = 4; lastKnownFileType = sourcecode.c.h; path = GoalEditView.h; sourceTree = "<group>"; };
		53D0DA3A198B4E0D00CFAABA /* GoalEditView.m */ = {isa = PBXFileReference; fileEncoding = 4; lastKnownFileType = sourcecode.c.objc; path = GoalEditView.m; sourceTree = "<group>"; };
		53D0DA3B198B4E0D00CFAABA /* GoalEditView.xib */ = {isa = PBXFileReference; fileEncoding = 4; lastKnownFileType = file.xib; path = GoalEditView.xib; sourceTree = "<group>"; };
		7DF42EDDF7534AF190FD067A /* libPods-quinoa.a */ = {isa = PBXFileReference; explicitFileType = archive.ar; includeInIndex = 0; path = "libPods-quinoa.a"; sourceTree = BUILT_PRODUCTS_DIR; };
		9FD3343A196BA6DC003E1727 /* Profile.h */ = {isa = PBXFileReference; fileEncoding = 4; lastKnownFileType = sourcecode.c.h; path = Profile.h; sourceTree = "<group>"; };
		9FD3343B196BA6DC003E1727 /* Profile.m */ = {isa = PBXFileReference; fileEncoding = 4; lastKnownFileType = sourcecode.c.objc; path = Profile.m; sourceTree = "<group>"; };
		9FD3343C196BA6DC003E1727 /* ProfileViewController.h */ = {isa = PBXFileReference; fileEncoding = 4; lastKnownFileType = sourcecode.c.h; path = ProfileViewController.h; sourceTree = "<group>"; };
		9FD3343D196BA6DC003E1727 /* ProfileViewController.m */ = {isa = PBXFileReference; fileEncoding = 4; lastKnownFileType = sourcecode.c.objc; path = ProfileViewController.m; sourceTree = "<group>"; };
		9FD3343E196BA6DC003E1727 /* ProfileViewController.xib */ = {isa = PBXFileReference; fileEncoding = 4; lastKnownFileType = file.xib; path = ProfileViewController.xib; sourceTree = "<group>"; };
		9FD3343F196BA6DC003E1727 /* ArticleCell.h */ = {isa = PBXFileReference; fileEncoding = 4; lastKnownFileType = sourcecode.c.h; path = ArticleCell.h; sourceTree = "<group>"; };
		9FD33440196BA6DC003E1727 /* ArticleCell.m */ = {isa = PBXFileReference; fileEncoding = 4; lastKnownFileType = sourcecode.c.objc; path = ArticleCell.m; sourceTree = "<group>"; };
		9FD33441196BA6DC003E1727 /* ArticleCell.xib */ = {isa = PBXFileReference; fileEncoding = 4; lastKnownFileType = file.xib; path = ArticleCell.xib; sourceTree = "<group>"; };
		9FD33442196BA6DC003E1727 /* ArticlesViewController.h */ = {isa = PBXFileReference; fileEncoding = 4; lastKnownFileType = sourcecode.c.h; path = ArticlesViewController.h; sourceTree = "<group>"; };
		9FD33443196BA6DC003E1727 /* ArticlesViewController.m */ = {isa = PBXFileReference; fileEncoding = 4; lastKnownFileType = sourcecode.c.objc; path = ArticlesViewController.m; sourceTree = "<group>"; };
		9FD33444196BA6DC003E1727 /* ArticlesViewController.xib */ = {isa = PBXFileReference; fileEncoding = 4; lastKnownFileType = file.xib; path = ArticlesViewController.xib; sourceTree = "<group>"; };
		9FD3349019735B43003E1727 /* ActivityViewController.h */ = {isa = PBXFileReference; fileEncoding = 4; lastKnownFileType = sourcecode.c.h; path = ActivityViewController.h; sourceTree = "<group>"; };
		9FD3349119735B43003E1727 /* ActivityViewController.m */ = {isa = PBXFileReference; fileEncoding = 4; lastKnownFileType = sourcecode.c.objc; path = ActivityViewController.m; sourceTree = "<group>"; };
		9FD3349219735B43003E1727 /* ActivityViewController.xib */ = {isa = PBXFileReference; fileEncoding = 4; lastKnownFileType = file.xib; path = ActivityViewController.xib; sourceTree = "<group>"; };
		9FD3349519738292003E1727 /* UIImage+ImageEffects.h */ = {isa = PBXFileReference; fileEncoding = 4; lastKnownFileType = sourcecode.c.h; path = "UIImage+ImageEffects.h"; sourceTree = "<group>"; };
		9FD3349619738292003E1727 /* UIImage+ImageEffects.m */ = {isa = PBXFileReference; fileEncoding = 4; lastKnownFileType = sourcecode.c.objc; path = "UIImage+ImageEffects.m"; sourceTree = "<group>"; };
		A3B4A889196A5FB400135230 /* Utils.h */ = {isa = PBXFileReference; fileEncoding = 4; lastKnownFileType = sourcecode.c.h; path = Utils.h; sourceTree = "<group>"; };
		A3B4A88A196A5FB400135230 /* Utils.m */ = {isa = PBXFileReference; fileEncoding = 4; lastKnownFileType = sourcecode.c.objc; path = Utils.m; sourceTree = "<group>"; };
		A3B4A88C196A6EEB00135230 /* LoginViewController.xib */ = {isa = PBXFileReference; fileEncoding = 4; lastKnownFileType = file.xib; path = LoginViewController.xib; sourceTree = "<group>"; };
		A3B4A890196A7F7900135230 /* MoreViewController.h */ = {isa = PBXFileReference; fileEncoding = 4; lastKnownFileType = sourcecode.c.h; path = MoreViewController.h; sourceTree = "<group>"; };
		A3B4A891196A7F7900135230 /* MoreViewController.m */ = {isa = PBXFileReference; fileEncoding = 4; lastKnownFileType = sourcecode.c.objc; path = MoreViewController.m; sourceTree = "<group>"; };
		A3B4A892196A7F7900135230 /* MoreViewController.xib */ = {isa = PBXFileReference; fileEncoding = 4; lastKnownFileType = file.xib; path = MoreViewController.xib; sourceTree = "<group>"; };
		B8324901ABB3473E80D5808B /* Pods-quinoa.xcconfig */ = {isa = PBXFileReference; includeInIndex = 1; lastKnownFileType = text.xcconfig; name = "Pods-quinoa.xcconfig"; path = "Pods/Pods-quinoa.xcconfig"; sourceTree = "<group>"; };
/* End PBXFileReference section */

/* Begin PBXFrameworksBuildPhase section */
		4604479C1964ECC600DDE6C6 /* Frameworks */ = {
			isa = PBXFrameworksBuildPhase;
			buildActionMask = 2147483647;
			files = (
				460447A51964ECC600DDE6C6 /* CoreGraphics.framework in Frameworks */,
				460447A71964ECC600DDE6C6 /* UIKit.framework in Frameworks */,
				460447A31964ECC600DDE6C6 /* Foundation.framework in Frameworks */,
				70D4923228BF4D3CBFDC6652 /* libPods-quinoa.a in Frameworks */,
			);
			runOnlyForDeploymentPostprocessing = 0;
		};
		460447B71964ECC600DDE6C6 /* Frameworks */ = {
			isa = PBXFrameworksBuildPhase;
			buildActionMask = 2147483647;
			files = (
				460447BC1964ECC600DDE6C6 /* XCTest.framework in Frameworks */,
				460447BE1964ECC600DDE6C6 /* UIKit.framework in Frameworks */,
				460447BD1964ECC600DDE6C6 /* Foundation.framework in Frameworks */,
			);
			runOnlyForDeploymentPostprocessing = 0;
		};
/* End PBXFrameworksBuildPhase section */

/* Begin PBXGroup section */
		460447961964ECC600DDE6C6 = {
			isa = PBXGroup;
			children = (
				460447A81964ECC600DDE6C6 /* quinoa */,
				460447C11964ECC600DDE6C6 /* quinoaTests */,
				460447A11964ECC600DDE6C6 /* Frameworks */,
				460447A01964ECC600DDE6C6 /* Products */,
				B8324901ABB3473E80D5808B /* Pods-quinoa.xcconfig */,
			);
			sourceTree = "<group>";
		};
		460447A01964ECC600DDE6C6 /* Products */ = {
			isa = PBXGroup;
			children = (
				4604479F1964ECC600DDE6C6 /* quinoa.app */,
				460447BA1964ECC600DDE6C6 /* quinoaTests.xctest */,
			);
			name = Products;
			sourceTree = "<group>";
		};
		460447A11964ECC600DDE6C6 /* Frameworks */ = {
			isa = PBXGroup;
			children = (
				532904CC197A7036005A2E26 /* Reveal.framework */,
				460F69DD197B2EED00E99C9D /* Reveal.framework */,
				460447A21964ECC600DDE6C6 /* Foundation.framework */,
				460447A41964ECC600DDE6C6 /* CoreGraphics.framework */,
				460447A61964ECC600DDE6C6 /* UIKit.framework */,
				460447BB1964ECC600DDE6C6 /* XCTest.framework */,
				7DF42EDDF7534AF190FD067A /* libPods-quinoa.a */,
			);
			name = Frameworks;
			sourceTree = "<group>";
		};
		460447A81964ECC600DDE6C6 /* quinoa */ = {
			isa = PBXGroup;
			children = (
				53B1EC571973068D00101B39 /* Fonts */,
				4611A6041968B1B100202318 /* Views */,
				5348EC2B1969401700E99C4A /* Categories */,
				46FF800F1968AB240091A7B2 /* Models */,
				4611A6031968AD9B00202318 /* ViewControllers */,
				460447B11964ECC600DDE6C6 /* AppDelegate.h */,
				460447B21964ECC600DDE6C6 /* AppDelegate.m */,
				460447B41964ECC600DDE6C6 /* Images.xcassets */,
				460447A91964ECC600DDE6C6 /* Supporting Files */,
			);
			path = quinoa;
			sourceTree = "<group>";
		};
		460447A91964ECC600DDE6C6 /* Supporting Files */ = {
			isa = PBXGroup;
			children = (
				460447AA1964ECC600DDE6C6 /* quinoa-Info.plist */,
				460447AB1964ECC600DDE6C6 /* InfoPlist.strings */,
				460447AE1964ECC600DDE6C6 /* main.m */,
				460447B01964ECC600DDE6C6 /* quinoa-Prefix.pch */,
			);
			name = "Supporting Files";
			sourceTree = "<group>";
		};
		460447C11964ECC600DDE6C6 /* quinoaTests */ = {
			isa = PBXGroup;
			children = (
				460447C71964ECC600DDE6C6 /* quinoaTests.m */,
				460447C21964ECC600DDE6C6 /* Supporting Files */,
			);
			path = quinoaTests;
			sourceTree = "<group>";
		};
		460447C21964ECC600DDE6C6 /* Supporting Files */ = {
			isa = PBXGroup;
			children = (
				460447C31964ECC600DDE6C6 /* quinoaTests-Info.plist */,
				460447C41964ECC600DDE6C6 /* InfoPlist.strings */,
			);
			name = "Supporting Files";
			sourceTree = "<group>";
		};
		460992C11977C69300F03200 /* Activity Like Cell */ = {
			isa = PBXGroup;
			children = (
				460992C21977C6B400F03200 /* ActivityLikeCell.h */,
				460992C31977C6B400F03200 /* ActivityLikeCell.m */,
				460992C41977C6B400F03200 /* ActivityLikeCell.xib */,
			);
			name = "Activity Like Cell";
			sourceTree = "<group>";
		};
		4611A6031968AD9B00202318 /* ViewControllers */ = {
			isa = PBXGroup;
			children = (
				46C25F54197A6AF400B49CDC /* QuinoaTabBarController */,
				462769D7197636630049482F /* Dashboard */,
				53D0DA28198A209C00CFAABA /* New Dashboard */,
				9FD3348F19735B23003E1727 /* Track Activity */,
				46AA118619730C2B001C7F02 /* My Clients */,
				46907784197276E100CF9DBC /* FanOut Controller */,
				46437E101971E1C000A70338 /* TrackEating */,
				5354D0761971DB0700612FFE /* Activities Collection */,
				9FD3344D196BA70C003E1727 /* Articles */,
				9FD3344C196BA6F5003E1727 /* Profile */,
				465C1FF3196953D2008BFD30 /* Chat Screen */,
				465DFE3F196947AA00817222 /* Expert Detail */,
				5348EC271968FCF300E99C4A /* Experts Browser */,
				5348EC261968FCEB00E99C4A /* Login */,
				532904CE197CFC24005A2E26 /* Quinoa Login */,
				A3B4A88F196A7F5800135230 /* More */,
			);
			name = ViewControllers;
			sourceTree = "<group>";
		};
		4611A6041968B1B100202318 /* Views */ = {
			isa = PBXGroup;
			children = (
				7A44F3BF198B5DB900408A69 /* Profile View Simple */,
				53D0DA38198B4DE000CFAABA /* Goal Edit View */,
				460992C11977C69300F03200 /* Activity Like Cell */,
				46CDF23D19765DD700B43FBB /* Dashboard Feed Cell */,
				46BDC0B01974EEDC0004387D /* Track Button */,
				53B1EC75197367EA00101B39 /* Profile Cell */,
				53B1EC6C1973449E00101B39 /* Profile View */,
				5329051B19860C39005A2E26 /* Profile View with Activity */,
				46F73FAC1973156D00E33932 /* Client Cell */,
				532905151984E153005A2E26 /* Client Row Cell */,
				5354D07E1971EBD800612FFE /* Activity Cell */,
				9FD3344E196BA748003E1727 /* Article Cell */,
				461E5AB4196A0DFC000D120F /* Chat Cell */,
				4695108519691CB700315FDC /* Expert Cell */,
			);
			name = Views;
			sourceTree = "<group>";
		};
		461E5AB4196A0DFC000D120F /* Chat Cell */ = {
			isa = PBXGroup;
			children = (
				461E5AB5196A101E000D120F /* ChatCell.h */,
				461E5AB6196A101E000D120F /* ChatCell.m */,
				461E5AB8196A1037000D120F /* ChatCell.xib */,
			);
			name = "Chat Cell";
			sourceTree = "<group>";
		};
		462769D7197636630049482F /* Dashboard */ = {
			isa = PBXGroup;
			children = (
				462769D8197636770049482F /* DashboardViewController.h */,
				462769D9197636770049482F /* DashboardViewController.m */,
				462769DA197636770049482F /* DashboardViewController.xib */,
			);
			name = Dashboard;
			sourceTree = "<group>";
		};
		46437E101971E1C000A70338 /* TrackEating */ = {
			isa = PBXGroup;
			children = (
				46437E111971E1D700A70338 /* TrackEatingViewController.h */,
				46437E121971E1D700A70338 /* TrackEatingViewController.m */,
				46437E131971E1D700A70338 /* TrackEatingViewController.xib */,
			);
			name = TrackEating;
			sourceTree = "<group>";
		};
		465C1FF3196953D2008BFD30 /* Chat Screen */ = {
			isa = PBXGroup;
			children = (
				465C1FF41969540F008BFD30 /* ChatViewController.h */,
				465C1FF51969540F008BFD30 /* ChatViewController.m */,
				465C1FF61969540F008BFD30 /* ChatViewController.xib */,
			);
			name = "Chat Screen";
			sourceTree = "<group>";
		};
		465DFE3F196947AA00817222 /* Expert Detail */ = {
			isa = PBXGroup;
			children = (
				465DFE40196947C800817222 /* ExpertDetailViewController.h */,
				465DFE41196947C800817222 /* ExpertDetailViewController.m */,
				465DFE42196947C800817222 /* ExpertDetailViewController.xib */,
			);
			name = "Expert Detail";
			sourceTree = "<group>";
		};
		46907784197276E100CF9DBC /* FanOut Controller */ = {
			isa = PBXGroup;
			children = (
				46907785197276FB00CF9DBC /* FanOutViewController.h */,
				46907786197276FB00CF9DBC /* FanOutViewController.m */,
				46907787197276FB00CF9DBC /* FanOutViewController.xib */,
			);
			name = "FanOut Controller";
			sourceTree = "<group>";
		};
		4695108519691CB700315FDC /* Expert Cell */ = {
			isa = PBXGroup;
			children = (
				4695108019691C0E00315FDC /* ExpertCell.h */,
				4695108119691C0E00315FDC /* ExpertCell.m */,
				4695108319691C5E00315FDC /* ExpertCell.xib */,
			);
			name = "Expert Cell";
			sourceTree = "<group>";
		};
		46AA118619730C2B001C7F02 /* My Clients */ = {
			isa = PBXGroup;
			children = (
				46AA118719730C40001C7F02 /* MyClientsViewController.h */,
				46AA118819730C40001C7F02 /* MyClientsViewController.m */,
				46AA118919730C40001C7F02 /* MyClientsViewController.xib */,
			);
			name = "My Clients";
			sourceTree = "<group>";
		};
		46BDC0B01974EEDC0004387D /* Track Button */ = {
			isa = PBXGroup;
			children = (
				46BDC0B11974EEF90004387D /* TrackButton.h */,
				46BDC0B21974EEF90004387D /* TrackButton.m */,
			);
			name = "Track Button";
			sourceTree = "<group>";
		};
		46C25F54197A6AF400B49CDC /* QuinoaTabBarController */ = {
			isa = PBXGroup;
			children = (
				46C25F55197A6B1F00B49CDC /* QuinoaTabBarViewController.h */,
				46C25F56197A6B1F00B49CDC /* QuinoaTabBarViewController.m */,
			);
			name = QuinoaTabBarController;
			sourceTree = "<group>";
		};
		46CDF23D19765DD700B43FBB /* Dashboard Feed Cell */ = {
			isa = PBXGroup;
			children = (
				46CDF23E19765DE900B43FBB /* DashboardFeedCell.h */,
				46CDF23F19765DE900B43FBB /* DashboardFeedCell.m */,
				46CDF24019765DE900B43FBB /* DashboardFeedCell.xib */,
			);
			name = "Dashboard Feed Cell";
			sourceTree = "<group>";
		};
		46F73FAC1973156D00E33932 /* Client Cell */ = {
			isa = PBXGroup;
			children = (
				46F73FAD1973159B00E33932 /* ClientCell.h */,
				46F73FAE1973159B00E33932 /* ClientCell.m */,
				46F73FB0197316B900E33932 /* ClientCell.xib */,
			);
			name = "Client Cell";
			sourceTree = "<group>";
		};
		46FF800F1968AB240091A7B2 /* Models */ = {
			isa = PBXGroup;
			children = (
				9FD3343A196BA6DC003E1727 /* Profile.h */,
				9FD3343B196BA6DC003E1727 /* Profile.m */,
				A3B4A889196A5FB400135230 /* Utils.h */,
				A3B4A88A196A5FB400135230 /* Utils.m */,
				4653DB951969CEEE00E4114F /* Message.h */,
				4653DB961969CEEE00E4114F /* Message.m */,
				5354D0731971D76700612FFE /* Activity.h */,
				5354D0741971D76700612FFE /* Activity.m */,
				53B1EC72197349BE00101B39 /* User.h */,
				53B1EC73197349BE00101B39 /* User.m */,
				46FBFAC21977B2700024BB10 /* ActivityLike.h */,
				46FBFAC31977B2700024BB10 /* ActivityLike.m */,
				53D0DA24198A1DC700CFAABA /* Goal.h */,
				53D0DA25198A1DC700CFAABA /* Goal.m */,
			);
			name = Models;
			sourceTree = "<group>";
		};
		532904A91974FC25005A2E26 /* Physical */ = {
			isa = PBXGroup;
			children = (
				532904AD1974FDCF005A2E26 /* PhysicalActivity.h */,
				532904AE1974FDCF005A2E26 /* PhysicalActivity.m */,
				532904B01974FDF3005A2E26 /* PhysicalActivity.xib */,
			);
			name = Physical;
			sourceTree = "<group>";
		};
		532904B31974FFD8005A2E26 /* Diet */ = {
			isa = PBXGroup;
			children = (
				532904B41974FFE5005A2E26 /* DietActivity.h */,
				532904B51974FFE5005A2E26 /* DietActivity.m */,
				532904B71974FFF2005A2E26 /* DietActivity.xib */,
			);
			name = Diet;
			sourceTree = "<group>";
		};
		532904B9197500ED005A2E26 /* Weight */ = {
			isa = PBXGroup;
			children = (
				532904BA197500FD005A2E26 /* WeightActivity.h */,
				532904BB197500FD005A2E26 /* WeightActivity.m */,
				532904BD19750108005A2E26 /* WeightActivity.xib */,
			);
			name = Weight;
			sourceTree = "<group>";
		};
		532904BF19750548005A2E26 /* UserHeader */ = {
			isa = PBXGroup;
			children = (
				532904C019750555005A2E26 /* UserHeader.h */,
				532904C119750555005A2E26 /* UserHeader.m */,
				5329049E1974C16F005A2E26 /* UserHeader.xib */,
			);
			name = UserHeader;
			sourceTree = "<group>";
		};
		532904CE197CFC24005A2E26 /* Quinoa Login */ = {
			isa = PBXGroup;
			children = (
				532904CF197CFC5E005A2E26 /* QuinoaLoginViewController.h */,
				532904D0197CFC5E005A2E26 /* QuinoaLoginViewController.m */,
				532904D2197CFD79005A2E26 /* QuinoaSignUpViewController.h */,
				532904D3197CFD79005A2E26 /* QuinoaSignUpViewController.m */,
			);
			name = "Quinoa Login";
			sourceTree = "<group>";
		};
		532905151984E153005A2E26 /* Client Row Cell */ = {
			isa = PBXGroup;
			children = (
				532905161984E18C005A2E26 /* ClientRowCell.h */,
				532905171984E18C005A2E26 /* ClientRowCell.m */,
				532905191984E1BD005A2E26 /* ClientRowCell.xib */,
			);
			name = "Client Row Cell";
			sourceTree = "<group>";
		};
		5329051B19860C39005A2E26 /* Profile View with Activity */ = {
			isa = PBXGroup;
			children = (
				5329051C19860C69005A2E26 /* ProfileViewWithActivity.h */,
				5329052119861003005A2E26 /* ProfileViewWithActivity.m */,
				5329051F19860C81005A2E26 /* ProfileViewWithActivity.xib */,
			);
			name = "Profile View with Activity";
			sourceTree = "<group>";
		};
		5348EC261968FCEB00E99C4A /* Login */ = {
			isa = PBXGroup;
			children = (
				A3B4A88C196A6EEB00135230 /* LoginViewController.xib */,
				466C3CDD196950C0007FF30D /* LoginViewController.h */,
				466C3CDE196950C0007FF30D /* LoginViewController.m */,
			);
			name = Login;
			sourceTree = "<group>";
		};
		5348EC271968FCF300E99C4A /* Experts Browser */ = {
			isa = PBXGroup;
			children = (
				46FF800A1968A9C50091A7B2 /* ExpertBrowserViewController.h */,
				46FF800B1968A9C50091A7B2 /* ExpertBrowserViewController.m */,
				46FF800C1968A9C50091A7B2 /* ExpertBrowserViewController.xib */,
			);
			name = "Experts Browser";
			sourceTree = "<group>";
		};
		5348EC2B1969401700E99C4A /* Categories */ = {
			isa = PBXGroup;
			children = (
				5348EC2F196940D800E99C4A /* NSDate+dateWith.h */,
				5348EC30196940D800E99C4A /* NSDate+dateWith.m */,
				53B1EC6719730C6800101B39 /* UILabel+QuinoaLabel.h */,
				53B1EC6819730C6800101B39 /* UILabel+QuinoaLabel.m */,
				9FD3349519738292003E1727 /* UIImage+ImageEffects.h */,
				9FD3349619738292003E1727 /* UIImage+ImageEffects.m */,
			);
			name = Categories;
			sourceTree = "<group>";
		};
		5354D0761971DB0700612FFE /* Activities Collection */ = {
			isa = PBXGroup;
			children = (
				5354D0771971DC6000612FFE /* ActivitiesCollectionViewController.h */,
				5354D07C1971EAAE00612FFE /* ActivitiesCollectionViewController.m */,
				5354D0791971DC6000612FFE /* ActivitiesCollectionViewController.xib */,
			);
			name = "Activities Collection";
			sourceTree = "<group>";
		};
		5354D07E1971EBD800612FFE /* Activity Cell */ = {
			isa = PBXGroup;
			children = (
				532904BF19750548005A2E26 /* UserHeader */,
				532904B9197500ED005A2E26 /* Weight */,
				532904B31974FFD8005A2E26 /* Diet */,
				532904A91974FC25005A2E26 /* Physical */,
				5354D07F1971EC8800612FFE /* ActivityCell.h */,
				5354D0801971EC8800612FFE /* ActivityCell.m */,
				532904C31975062A005A2E26 /* ActivityCell.xib */,
			);
			name = "Activity Cell";
			sourceTree = "<group>";
		};
		53B1EC571973068D00101B39 /* Fonts */ = {
			isa = PBXGroup;
			children = (
				53B1EC591973068D00101B39 /* SourceSansPro-Light.otf */,
				53B1EC5B1973068D00101B39 /* SourceSansPro-Regular.otf */,
				53B1EC5D1973068D00101B39 /* SourceSansPro-Semibold.otf */,
				53B1EC6A19730E5400101B39 /* readme.txt */,
			);
			path = Fonts;
			sourceTree = "<group>";
		};
		53B1EC6C1973449E00101B39 /* Profile View */ = {
			isa = PBXGroup;
			children = (
				53B1EC6D197344BF00101B39 /* ProfileView.h */,
				53B1EC6E197344BF00101B39 /* ProfileView.m */,
				53B1EC701973450200101B39 /* ProfileView.xib */,
			);
			name = "Profile View";
			sourceTree = "<group>";
		};
		53B1EC75197367EA00101B39 /* Profile Cell */ = {
			isa = PBXGroup;
			children = (
				53B1EC761973683400101B39 /* ProfileCell.h */,
				53B1EC771973683400101B39 /* ProfileCell.m */,
			);
			name = "Profile Cell";
			sourceTree = "<group>";
		};
		53D0DA28198A209C00CFAABA /* New Dashboard */ = {
			isa = PBXGroup;
			children = (
				53D0DA29198A20BD00CFAABA /* NewDashboardViewController.h */,
				53D0DA2E198A21C500CFAABA /* NewDashboardViewController.m */,
				53D0DA2B198A20BD00CFAABA /* NewDashboardViewController.xib */,
			);
			name = "New Dashboard";
			sourceTree = "<group>";
		};
		7A44F3BF198B5DB900408A69 /* Profile View Simple */ = {
			isa = PBXGroup;
			children = (
				7A44F3C0198B5E4300408A69 /* ProfileViewSimple.h */,
				7A44F3C1198B5E4300408A69 /* ProfileViewSimple.m */,
				7A44F3C3198B5E6A00408A69 /* ProfileViewSimple.xib */,
			);
			name = "Profile View Simple";
		53D0DA38198B4DE000CFAABA /* Goal Edit View */ = {
			isa = PBXGroup;
			children = (
				53D0DA39198B4E0D00CFAABA /* GoalEditView.h */,
				53D0DA3A198B4E0D00CFAABA /* GoalEditView.m */,
				53D0DA3B198B4E0D00CFAABA /* GoalEditView.xib */,
			);
			name = "Goal Edit View";
			sourceTree = "<group>";
		};
		9FD3344C196BA6F5003E1727 /* Profile */ = {
			isa = PBXGroup;
			children = (
				9FD3343C196BA6DC003E1727 /* ProfileViewController.h */,
				9FD3343D196BA6DC003E1727 /* ProfileViewController.m */,
				9FD3343E196BA6DC003E1727 /* ProfileViewController.xib */,
			);
			name = Profile;
			sourceTree = "<group>";
		};
		9FD3344D196BA70C003E1727 /* Articles */ = {
			isa = PBXGroup;
			children = (
				9FD33442196BA6DC003E1727 /* ArticlesViewController.h */,
				9FD33443196BA6DC003E1727 /* ArticlesViewController.m */,
				9FD33444196BA6DC003E1727 /* ArticlesViewController.xib */,
			);
			name = Articles;
			sourceTree = "<group>";
		};
		9FD3344E196BA748003E1727 /* Article Cell */ = {
			isa = PBXGroup;
			children = (
				9FD33441196BA6DC003E1727 /* ArticleCell.xib */,
				9FD3343F196BA6DC003E1727 /* ArticleCell.h */,
				9FD33440196BA6DC003E1727 /* ArticleCell.m */,
			);
			name = "Article Cell";
			sourceTree = "<group>";
		};
		9FD3348F19735B23003E1727 /* Track Activity */ = {
			isa = PBXGroup;
			children = (
				9FD3349019735B43003E1727 /* ActivityViewController.h */,
				9FD3349119735B43003E1727 /* ActivityViewController.m */,
				9FD3349219735B43003E1727 /* ActivityViewController.xib */,
			);
			name = "Track Activity";
			sourceTree = "<group>";
		};
		A3B4A88F196A7F5800135230 /* More */ = {
			isa = PBXGroup;
			children = (
				A3B4A890196A7F7900135230 /* MoreViewController.h */,
				A3B4A891196A7F7900135230 /* MoreViewController.m */,
				A3B4A892196A7F7900135230 /* MoreViewController.xib */,
			);
			name = More;
			sourceTree = "<group>";
		};
/* End PBXGroup section */

/* Begin PBXNativeTarget section */
		4604479E1964ECC600DDE6C6 /* quinoa */ = {
			isa = PBXNativeTarget;
			buildConfigurationList = 460447CB1964ECC600DDE6C6 /* Build configuration list for PBXNativeTarget "quinoa" */;
			buildPhases = (
				3E52FAF2A0FC497A870060CC /* Check Pods Manifest.lock */,
				4604479B1964ECC600DDE6C6 /* Sources */,
				4604479C1964ECC600DDE6C6 /* Frameworks */,
				4604479D1964ECC600DDE6C6 /* Resources */,
				2BD68246BDB3445A908A8135 /* Copy Pods Resources */,
			);
			buildRules = (
			);
			dependencies = (
			);
			name = quinoa;
			productName = quinoa;
			productReference = 4604479F1964ECC600DDE6C6 /* quinoa.app */;
			productType = "com.apple.product-type.application";
		};
		460447B91964ECC600DDE6C6 /* quinoaTests */ = {
			isa = PBXNativeTarget;
			buildConfigurationList = 460447CE1964ECC600DDE6C6 /* Build configuration list for PBXNativeTarget "quinoaTests" */;
			buildPhases = (
				460447B61964ECC600DDE6C6 /* Sources */,
				460447B71964ECC600DDE6C6 /* Frameworks */,
				460447B81964ECC600DDE6C6 /* Resources */,
			);
			buildRules = (
			);
			dependencies = (
				460447C01964ECC600DDE6C6 /* PBXTargetDependency */,
			);
			name = quinoaTests;
			productName = quinoaTests;
			productReference = 460447BA1964ECC600DDE6C6 /* quinoaTests.xctest */;
			productType = "com.apple.product-type.bundle.unit-test";
		};
/* End PBXNativeTarget section */

/* Begin PBXProject section */
		460447971964ECC600DDE6C6 /* Project object */ = {
			isa = PBXProject;
			attributes = {
				LastUpgradeCheck = 0510;
				ORGANIZATIONNAME = 3eesho;
				TargetAttributes = {
					4604479E1964ECC600DDE6C6 = {
						DevelopmentTeam = XJGNY2F7W5;
					};
					460447B91964ECC600DDE6C6 = {
						TestTargetID = 4604479E1964ECC600DDE6C6;
					};
				};
			};
			buildConfigurationList = 4604479A1964ECC600DDE6C6 /* Build configuration list for PBXProject "quinoa" */;
			compatibilityVersion = "Xcode 3.2";
			developmentRegion = English;
			hasScannedForEncodings = 0;
			knownRegions = (
				en,
			);
			mainGroup = 460447961964ECC600DDE6C6;
			productRefGroup = 460447A01964ECC600DDE6C6 /* Products */;
			projectDirPath = "";
			projectRoot = "";
			targets = (
				4604479E1964ECC600DDE6C6 /* quinoa */,
				460447B91964ECC600DDE6C6 /* quinoaTests */,
			);
		};
/* End PBXProject section */

/* Begin PBXResourcesBuildPhase section */
		4604479D1964ECC600DDE6C6 /* Resources */ = {
			isa = PBXResourcesBuildPhase;
			buildActionMask = 2147483647;
			files = (
				A3B4A894196A7F7900135230 /* MoreViewController.xib in Resources */,
				532904BE19750108005A2E26 /* WeightActivity.xib in Resources */,
				53D0DA2D198A20BD00CFAABA /* NewDashboardViewController.xib in Resources */,
				46FF800E1968A9C50091A7B2 /* ExpertBrowserViewController.xib in Resources */,
				46F73FB1197316B900E33932 /* ClientCell.xib in Resources */,
				5329049F1974C16F005A2E26 /* UserHeader.xib in Resources */,
				46CDF24219765DE900B43FBB /* DashboardFeedCell.xib in Resources */,
				460992C61977C6B400F03200 /* ActivityLikeCell.xib in Resources */,
				9FD33447196BA6DC003E1727 /* ProfileViewController.xib in Resources */,
				532904C41975062A005A2E26 /* ActivityCell.xib in Resources */,
				53B1EC711973450200101B39 /* ProfileView.xib in Resources */,
				53B1EC611973068D00101B39 /* SourceSansPro-Regular.otf in Resources */,
				53B1EC631973068D00101B39 /* SourceSansPro-Semibold.otf in Resources */,
				5329052019860C81005A2E26 /* ProfileViewWithActivity.xib in Resources */,
				9FD33449196BA6DC003E1727 /* ArticleCell.xib in Resources */,
				4695108419691C5E00315FDC /* ExpertCell.xib in Resources */,
				532904B81974FFF2005A2E26 /* DietActivity.xib in Resources */,
				53D0DA3D198B4E0D00CFAABA /* GoalEditView.xib in Resources */,
				9FD3349419735B43003E1727 /* ActivityViewController.xib in Resources */,
				460447AD1964ECC600DDE6C6 /* InfoPlist.strings in Resources */,
				532904B11974FDF3005A2E26 /* PhysicalActivity.xib in Resources */,
				53B1EC6B19730E5400101B39 /* readme.txt in Resources */,
				5354D07B1971DC6000612FFE /* ActivitiesCollectionViewController.xib in Resources */,
				9FD3344B196BA6DC003E1727 /* ArticlesViewController.xib in Resources */,
				460447B51964ECC600DDE6C6 /* Images.xcassets in Resources */,
				7A44F3C4198B5E6A00408A69 /* ProfileViewSimple.xib in Resources */,
				462769DC197636770049482F /* DashboardViewController.xib in Resources */,
				465DFE44196947C800817222 /* ExpertDetailViewController.xib in Resources */,
				46437E151971E1D700A70338 /* TrackEatingViewController.xib in Resources */,
				5329051A1984E1BD005A2E26 /* ClientRowCell.xib in Resources */,
				465C1FF81969540F008BFD30 /* ChatViewController.xib in Resources */,
				A3B4A88D196A6EEB00135230 /* LoginViewController.xib in Resources */,
				461E5AB9196A1037000D120F /* ChatCell.xib in Resources */,
				46AA118B19730C40001C7F02 /* MyClientsViewController.xib in Resources */,
				53B1EC5F1973068D00101B39 /* SourceSansPro-Light.otf in Resources */,
				46907789197276FB00CF9DBC /* FanOutViewController.xib in Resources */,
			);
			runOnlyForDeploymentPostprocessing = 0;
		};
		460447B81964ECC600DDE6C6 /* Resources */ = {
			isa = PBXResourcesBuildPhase;
			buildActionMask = 2147483647;
			files = (
				460447C61964ECC600DDE6C6 /* InfoPlist.strings in Resources */,
			);
			runOnlyForDeploymentPostprocessing = 0;
		};
/* End PBXResourcesBuildPhase section */

/* Begin PBXShellScriptBuildPhase section */
		2BD68246BDB3445A908A8135 /* Copy Pods Resources */ = {
			isa = PBXShellScriptBuildPhase;
			buildActionMask = 2147483647;
			files = (
			);
			inputPaths = (
			);
			name = "Copy Pods Resources";
			outputPaths = (
			);
			runOnlyForDeploymentPostprocessing = 0;
			shellPath = /bin/sh;
			shellScript = "\"${SRCROOT}/Pods/Pods-quinoa-resources.sh\"\n";
			showEnvVarsInLog = 0;
		};
		3E52FAF2A0FC497A870060CC /* Check Pods Manifest.lock */ = {
			isa = PBXShellScriptBuildPhase;
			buildActionMask = 2147483647;
			files = (
			);
			inputPaths = (
			);
			name = "Check Pods Manifest.lock";
			outputPaths = (
			);
			runOnlyForDeploymentPostprocessing = 0;
			shellPath = /bin/sh;
			shellScript = "diff \"${PODS_ROOT}/../Podfile.lock\" \"${PODS_ROOT}/Manifest.lock\" > /dev/null\nif [[ $? != 0 ]] ; then\n    cat << EOM\nerror: The sandbox is not in sync with the Podfile.lock. Run 'pod install' or update your CocoaPods installation.\nEOM\n    exit 1\nfi\n";
			showEnvVarsInLog = 0;
		};
/* End PBXShellScriptBuildPhase section */

/* Begin PBXSourcesBuildPhase section */
		4604479B1964ECC600DDE6C6 /* Sources */ = {
			isa = PBXSourcesBuildPhase;
			buildActionMask = 2147483647;
			files = (
				532904BC197500FD005A2E26 /* WeightActivity.m in Sources */,
				4695108219691C0E00315FDC /* ExpertCell.m in Sources */,
				461E5AB7196A101E000D120F /* ChatCell.m in Sources */,
				46C25F57197A6B1F00B49CDC /* QuinoaTabBarViewController.m in Sources */,
				53D0DA2F198A21C500CFAABA /* NewDashboardViewController.m in Sources */,
				46437E141971E1D700A70338 /* TrackEatingViewController.m in Sources */,
				46AA118A19730C40001C7F02 /* MyClientsViewController.m in Sources */,
				9FD33445196BA6DC003E1727 /* Profile.m in Sources */,
				46F73FAF1973159B00E33932 /* ClientCell.m in Sources */,
				9FD3344A196BA6DC003E1727 /* ArticlesViewController.m in Sources */,
				53B1EC6919730C6800101B39 /* UILabel+QuinoaLabel.m in Sources */,
				53D0DA3C198B4E0D00CFAABA /* GoalEditView.m in Sources */,
				465C1FF71969540F008BFD30 /* ChatViewController.m in Sources */,
				532905181984E18C005A2E26 /* ClientRowCell.m in Sources */,
				53B1EC6F197344BF00101B39 /* ProfileView.m in Sources */,
				5354D07D1971EAAE00612FFE /* ActivitiesCollectionViewController.m in Sources */,
				A3B4A88B196A5FB400135230 /* Utils.m in Sources */,
				460447B31964ECC600DDE6C6 /* AppDelegate.m in Sources */,
				5329052219861003005A2E26 /* ProfileViewWithActivity.m in Sources */,
				532904AF1974FDCF005A2E26 /* PhysicalActivity.m in Sources */,
				5354D0811971EC8800612FFE /* ActivityCell.m in Sources */,
				462769DB197636770049482F /* DashboardViewController.m in Sources */,
				5354D0751971D76700612FFE /* Activity.m in Sources */,
				46BDC0B31974EEF90004387D /* TrackButton.m in Sources */,
				46FBFAC41977B2700024BB10 /* ActivityLike.m in Sources */,
				9FD3349319735B43003E1727 /* ActivityViewController.m in Sources */,
				5348EC31196940D800E99C4A /* NSDate+dateWith.m in Sources */,
				53B1EC74197349BE00101B39 /* User.m in Sources */,
				460447AF1964ECC600DDE6C6 /* main.m in Sources */,
				9FD33446196BA6DC003E1727 /* ProfileViewController.m in Sources */,
				A3B4A893196A7F7900135230 /* MoreViewController.m in Sources */,
				53B1EC781973683400101B39 /* ProfileCell.m in Sources */,
				9FD3349719738292003E1727 /* UIImage+ImageEffects.m in Sources */,
				532904C219750555005A2E26 /* UserHeader.m in Sources */,
				53D0DA26198A1DC700CFAABA /* Goal.m in Sources */,
				532904B61974FFE5005A2E26 /* DietActivity.m in Sources */,
				46FF800D1968A9C50091A7B2 /* ExpertBrowserViewController.m in Sources */,
				46CDF24119765DE900B43FBB /* DashboardFeedCell.m in Sources */,
				466C3CE0196950C0007FF30D /* LoginViewController.m in Sources */,
				4653DB971969CEEE00E4114F /* Message.m in Sources */,
				532904D4197CFD79005A2E26 /* QuinoaSignUpViewController.m in Sources */,
				532904D1197CFC5E005A2E26 /* QuinoaLoginViewController.m in Sources */,
				465DFE43196947C800817222 /* ExpertDetailViewController.m in Sources */,
				7A44F3C2198B5E4300408A69 /* ProfileViewSimple.m in Sources */,
				9FD33448196BA6DC003E1727 /* ArticleCell.m in Sources */,
				46907788197276FB00CF9DBC /* FanOutViewController.m in Sources */,
				460992C51977C6B400F03200 /* ActivityLikeCell.m in Sources */,
			);
			runOnlyForDeploymentPostprocessing = 0;
		};
		460447B61964ECC600DDE6C6 /* Sources */ = {
			isa = PBXSourcesBuildPhase;
			buildActionMask = 2147483647;
			files = (
				460447C81964ECC600DDE6C6 /* quinoaTests.m in Sources */,
			);
			runOnlyForDeploymentPostprocessing = 0;
		};
/* End PBXSourcesBuildPhase section */

/* Begin PBXTargetDependency section */
		460447C01964ECC600DDE6C6 /* PBXTargetDependency */ = {
			isa = PBXTargetDependency;
			target = 4604479E1964ECC600DDE6C6 /* quinoa */;
			targetProxy = 460447BF1964ECC600DDE6C6 /* PBXContainerItemProxy */;
		};
/* End PBXTargetDependency section */

/* Begin PBXVariantGroup section */
		460447AB1964ECC600DDE6C6 /* InfoPlist.strings */ = {
			isa = PBXVariantGroup;
			children = (
				460447AC1964ECC600DDE6C6 /* en */,
			);
			name = InfoPlist.strings;
			sourceTree = "<group>";
		};
		460447C41964ECC600DDE6C6 /* InfoPlist.strings */ = {
			isa = PBXVariantGroup;
			children = (
				460447C51964ECC600DDE6C6 /* en */,
			);
			name = InfoPlist.strings;
			sourceTree = "<group>";
		};
/* End PBXVariantGroup section */

/* Begin XCBuildConfiguration section */
		460447C91964ECC600DDE6C6 /* Debug */ = {
			isa = XCBuildConfiguration;
			buildSettings = {
				ALWAYS_SEARCH_USER_PATHS = NO;
				CLANG_CXX_LANGUAGE_STANDARD = "gnu++0x";
				CLANG_CXX_LIBRARY = "libc++";
				CLANG_ENABLE_MODULES = YES;
				CLANG_ENABLE_OBJC_ARC = YES;
				CLANG_WARN_BOOL_CONVERSION = YES;
				CLANG_WARN_CONSTANT_CONVERSION = YES;
				CLANG_WARN_DIRECT_OBJC_ISA_USAGE = YES_ERROR;
				CLANG_WARN_EMPTY_BODY = YES;
				CLANG_WARN_ENUM_CONVERSION = YES;
				CLANG_WARN_INT_CONVERSION = YES;
				CLANG_WARN_OBJC_ROOT_CLASS = YES_ERROR;
				CLANG_WARN__DUPLICATE_METHOD_MATCH = YES;
				"CODE_SIGN_IDENTITY[sdk=iphoneos*]" = "iPhone Developer";
				COPY_PHASE_STRIP = NO;
				GCC_C_LANGUAGE_STANDARD = gnu99;
				GCC_DYNAMIC_NO_PIC = NO;
				GCC_OPTIMIZATION_LEVEL = 0;
				GCC_PREPROCESSOR_DEFINITIONS = (
					"DEBUG=1",
					"$(inherited)",
				);
				GCC_SYMBOLS_PRIVATE_EXTERN = NO;
				GCC_WARN_64_TO_32_BIT_CONVERSION = YES;
				GCC_WARN_ABOUT_RETURN_TYPE = YES_ERROR;
				GCC_WARN_UNDECLARED_SELECTOR = YES;
				GCC_WARN_UNINITIALIZED_AUTOS = YES_AGGRESSIVE;
				GCC_WARN_UNUSED_FUNCTION = YES;
				GCC_WARN_UNUSED_VARIABLE = YES;
				IPHONEOS_DEPLOYMENT_TARGET = 7.1;
				ONLY_ACTIVE_ARCH = YES;
				SDKROOT = iphoneos;
			};
			name = Debug;
		};
		460447CA1964ECC600DDE6C6 /* Release */ = {
			isa = XCBuildConfiguration;
			buildSettings = {
				ALWAYS_SEARCH_USER_PATHS = NO;
				CLANG_CXX_LANGUAGE_STANDARD = "gnu++0x";
				CLANG_CXX_LIBRARY = "libc++";
				CLANG_ENABLE_MODULES = YES;
				CLANG_ENABLE_OBJC_ARC = YES;
				CLANG_WARN_BOOL_CONVERSION = YES;
				CLANG_WARN_CONSTANT_CONVERSION = YES;
				CLANG_WARN_DIRECT_OBJC_ISA_USAGE = YES_ERROR;
				CLANG_WARN_EMPTY_BODY = YES;
				CLANG_WARN_ENUM_CONVERSION = YES;
				CLANG_WARN_INT_CONVERSION = YES;
				CLANG_WARN_OBJC_ROOT_CLASS = YES_ERROR;
				CLANG_WARN__DUPLICATE_METHOD_MATCH = YES;
				"CODE_SIGN_IDENTITY[sdk=iphoneos*]" = "iPhone Developer";
				COPY_PHASE_STRIP = YES;
				ENABLE_NS_ASSERTIONS = NO;
				GCC_C_LANGUAGE_STANDARD = gnu99;
				GCC_WARN_64_TO_32_BIT_CONVERSION = YES;
				GCC_WARN_ABOUT_RETURN_TYPE = YES_ERROR;
				GCC_WARN_UNDECLARED_SELECTOR = YES;
				GCC_WARN_UNINITIALIZED_AUTOS = YES_AGGRESSIVE;
				GCC_WARN_UNUSED_FUNCTION = YES;
				GCC_WARN_UNUSED_VARIABLE = YES;
				IPHONEOS_DEPLOYMENT_TARGET = 7.1;
				SDKROOT = iphoneos;
				VALIDATE_PRODUCT = YES;
			};
			name = Release;
		};
		460447CC1964ECC600DDE6C6 /* Debug */ = {
			isa = XCBuildConfiguration;
			baseConfigurationReference = B8324901ABB3473E80D5808B /* Pods-quinoa.xcconfig */;
			buildSettings = {
				ASSETCATALOG_COMPILER_APPICON_NAME = AppIcon;
				ASSETCATALOG_COMPILER_LAUNCHIMAGE_NAME = LaunchImage;
				CODE_SIGN_IDENTITY = "iPhone Developer";
				"CODE_SIGN_IDENTITY[sdk=iphoneos*]" = "iPhone Developer";
				FRAMEWORK_SEARCH_PATHS = (
					"$(inherited)",
					"$(SYSTEM_APPS_DIR)/Reveal.app/Contents/SharedSupport/iOS-Libraries",
					"$(PROJECT_DIR)",
				);
				GCC_PRECOMPILE_PREFIX_HEADER = YES;
				GCC_PREFIX_HEADER = "quinoa/quinoa-Prefix.pch";
				INFOPLIST_FILE = "quinoa/quinoa-Info.plist";
				OTHER_LDFLAGS = (
					"-ObjC",
					"-framework",
					AudioToolbox,
					"-framework",
					CFNetwork,
					"-framework",
					CoreGraphics,
					"-framework",
					CoreLocation,
					"-framework",
					Foundation,
					"-framework",
					MobileCoreServices,
					"-framework",
					Parse,
					"-framework",
					QuartzCore,
					"-framework",
					Security,
					"-framework",
					StoreKit,
					"-framework",
					SystemConfiguration,
					"-framework",
					UIKit,
					"-weak_framework",
					Accounts,
					"-weak_framework",
					Security,
					"-weak_framework",
					Social,
				);
				PRODUCT_NAME = "$(TARGET_NAME)";
				PROVISIONING_PROFILE = "8CFF8C4E-8FAB-43F9-ACBC-81CC30F7B5AE";
				WRAPPER_EXTENSION = app;
			};
			name = Debug;
		};
		460447CD1964ECC600DDE6C6 /* Release */ = {
			isa = XCBuildConfiguration;
			baseConfigurationReference = B8324901ABB3473E80D5808B /* Pods-quinoa.xcconfig */;
			buildSettings = {
				ASSETCATALOG_COMPILER_APPICON_NAME = AppIcon;
				ASSETCATALOG_COMPILER_LAUNCHIMAGE_NAME = LaunchImage;
				CODE_SIGN_IDENTITY = "iPhone Developer";
				"CODE_SIGN_IDENTITY[sdk=iphoneos*]" = "iPhone Developer";
				FRAMEWORK_SEARCH_PATHS = (
					"$(inherited)",
					"$(SYSTEM_APPS_DIR)/Reveal.app/Contents/SharedSupport/iOS-Libraries",
					"$(PROJECT_DIR)",
				);
				GCC_PRECOMPILE_PREFIX_HEADER = YES;
				GCC_PREFIX_HEADER = "quinoa/quinoa-Prefix.pch";
				INFOPLIST_FILE = "quinoa/quinoa-Info.plist";
				PRODUCT_NAME = "$(TARGET_NAME)";
				PROVISIONING_PROFILE = "8CFF8C4E-8FAB-43F9-ACBC-81CC30F7B5AE";
				WRAPPER_EXTENSION = app;
			};
			name = Release;
		};
		460447CF1964ECC600DDE6C6 /* Debug */ = {
			isa = XCBuildConfiguration;
			buildSettings = {
				BUNDLE_LOADER = "$(BUILT_PRODUCTS_DIR)/quinoa.app/quinoa";
				FRAMEWORK_SEARCH_PATHS = (
					"$(SDKROOT)/Developer/Library/Frameworks",
					"$(inherited)",
					"$(DEVELOPER_FRAMEWORKS_DIR)",
				);
				GCC_PRECOMPILE_PREFIX_HEADER = YES;
				GCC_PREFIX_HEADER = "quinoa/quinoa-Prefix.pch";
				GCC_PREPROCESSOR_DEFINITIONS = (
					"DEBUG=1",
					"$(inherited)",
				);
				INFOPLIST_FILE = "quinoaTests/quinoaTests-Info.plist";
				PRODUCT_NAME = "$(TARGET_NAME)";
				TEST_HOST = "$(BUNDLE_LOADER)";
				WRAPPER_EXTENSION = xctest;
			};
			name = Debug;
		};
		460447D01964ECC600DDE6C6 /* Release */ = {
			isa = XCBuildConfiguration;
			buildSettings = {
				BUNDLE_LOADER = "$(BUILT_PRODUCTS_DIR)/quinoa.app/quinoa";
				FRAMEWORK_SEARCH_PATHS = (
					"$(SDKROOT)/Developer/Library/Frameworks",
					"$(inherited)",
					"$(DEVELOPER_FRAMEWORKS_DIR)",
				);
				GCC_PRECOMPILE_PREFIX_HEADER = YES;
				GCC_PREFIX_HEADER = "quinoa/quinoa-Prefix.pch";
				INFOPLIST_FILE = "quinoaTests/quinoaTests-Info.plist";
				PRODUCT_NAME = "$(TARGET_NAME)";
				TEST_HOST = "$(BUNDLE_LOADER)";
				WRAPPER_EXTENSION = xctest;
			};
			name = Release;
		};
/* End XCBuildConfiguration section */

/* Begin XCConfigurationList section */
		4604479A1964ECC600DDE6C6 /* Build configuration list for PBXProject "quinoa" */ = {
			isa = XCConfigurationList;
			buildConfigurations = (
				460447C91964ECC600DDE6C6 /* Debug */,
				460447CA1964ECC600DDE6C6 /* Release */,
			);
			defaultConfigurationIsVisible = 0;
			defaultConfigurationName = Release;
		};
		460447CB1964ECC600DDE6C6 /* Build configuration list for PBXNativeTarget "quinoa" */ = {
			isa = XCConfigurationList;
			buildConfigurations = (
				460447CC1964ECC600DDE6C6 /* Debug */,
				460447CD1964ECC600DDE6C6 /* Release */,
			);
			defaultConfigurationIsVisible = 0;
			defaultConfigurationName = Release;
		};
		460447CE1964ECC600DDE6C6 /* Build configuration list for PBXNativeTarget "quinoaTests" */ = {
			isa = XCConfigurationList;
			buildConfigurations = (
				460447CF1964ECC600DDE6C6 /* Debug */,
				460447D01964ECC600DDE6C6 /* Release */,
			);
			defaultConfigurationIsVisible = 0;
			defaultConfigurationName = Release;
		};
/* End XCConfigurationList section */
	};
	rootObject = 460447971964ECC600DDE6C6 /* Project object */;
}
